// !$*UTF8*$!
{
	archiveVersion = 1;
	classes = {
	};
	objectVersion = 46;
	objects = {

/* Begin PBXBuildFile section */
		003F5EB1C62D42DAA5FFC4E8 /* CDVDevice.m in Sources */ = {isa = PBXBuildFile; fileRef = 362F5966838A467B9D0E1071 /* CDVDevice.m */; };
		00FB4B5C20694DDF8727ABD3 /* CULPlugin.m in Sources */ = {isa = PBXBuildFile; fileRef = 16C5E01D580E4FE1AB0DD0BB /* CULPlugin.m */; };
		0207DA581B56EA530066E2B4 /* Images.xcassets in Resources */ = {isa = PBXBuildFile; fileRef = 0207DA571B56EA530066E2B4 /* Images.xcassets */; };
		02135E9014364FA8AF3F1293 /* NewSpring.entitlements in Resources */ = {isa = PBXBuildFile; fileRef = 052608B2CCE547B3AD5DE26F /* NewSpring.entitlements */; };
		0A7B90E441C64DBE8C91D73F /* GCDWebServerFunctions.m in Sources */ = {isa = PBXBuildFile; fileRef = 91B7C4F7151B43DC8CB14153 /* GCDWebServerFunctions.m */; };
		0D17891FCC7C4EF1A4ADAAD9 /* CDVStatusBar.m in Sources */ = {isa = PBXBuildFile; fileRef = B02C8DF506774DAD89CCA655 /* CDVStatusBar.m */; };
		0E47C654F7484BD7B579F8B0 /* CDVViewController+SplashScreen.m in Sources */ = {isa = PBXBuildFile; fileRef = F6849EDE8B504B57A35C697E /* CDVViewController+SplashScreen.m */; };
		0F654030968E48DE95B1AE04 /* CULHost.m in Sources */ = {isa = PBXBuildFile; fileRef = F6E4B3518DDE452AB0F53CF6 /* CULHost.m */; };
		12772822D53A455CADC5A559 /* CULConfigXmlParser.m in Sources */ = {isa = PBXBuildFile; fileRef = 4C8BEB6454A849C89513FE5C /* CULConfigXmlParser.m */; };
		12AC4B67161E499AAFE3D6B6 /* FCMPlugin.m in Sources */ = {isa = PBXBuildFile; fileRef = B10E588DD1914FF0BB303066 /* FCMPlugin.m */; };
		14094F390AA840D69F5E7215 /* Asset.swift in Sources */ = {isa = PBXBuildFile; fileRef = 310B8DF9BB2E439EB386259D /* Asset.swift */; };
		18F623DCF13744D6A2C2BE59 /* CDVWKWebViewUIDelegate.m in Sources */ = {isa = PBXBuildFile; fileRef = 421AF9A11B324CC8B8804188 /* CDVWKWebViewUIDelegate.m */; };
		1D3623260D0F684500981E51 /* AppDelegate.m in Sources */ = {isa = PBXBuildFile; fileRef = 1D3623250D0F684500981E51 /* AppDelegate.m */; };
		1D60589B0D05DD56006BFB54 /* main.m in Sources */ = {isa = PBXBuildFile; fileRef = 29B97316FDCFA39411CA2CEA /* main.m */; };
		20DE92EC6D5D45C4BAA0779C /* METRandomValueGenerator.m in Sources */ = {isa = PBXBuildFile; fileRef = B5EEE3B628EF4F7DA1CC2F9D /* METRandomValueGenerator.m */; };
		24E855871BB3436C93EB6A55 /* GCDWebServerDataRequest.m in Sources */ = {isa = PBXBuildFile; fileRef = 146311B216154809978C15FF /* GCDWebServerDataRequest.m */; };
		2BB2E5BF64C14D80A6589979 /* GCDWebServer.m in Sources */ = {isa = PBXBuildFile; fileRef = 0F1AA8098B4B4B7EA0BB1091 /* GCDWebServer.m */; };
		2CA156CF29C34C30BCC19934 /* METRetryStrategy.m in Sources */ = {isa = PBXBuildFile; fileRef = BA3DCB312D2145F2AE4A771D /* METRetryStrategy.m */; };
		2D31FDFC68D14F159046846D /* GCDWebServerRequest.m in Sources */ = {isa = PBXBuildFile; fileRef = 1345EF66DC2940579316A68D /* GCDWebServerRequest.m */; };
		301BF552109A68D80062928A /* libCordova.a in Frameworks */ = {isa = PBXBuildFile; fileRef = 301BF535109A57CC0062928A /* libCordova.a */; };
		302D95F114D2391D003F00A1 /* MainViewController.m in Sources */ = {isa = PBXBuildFile; fileRef = 302D95EF14D2391D003F00A1 /* MainViewController.m */; };
		302D95F214D2391D003F00A1 /* MainViewController.xib in Resources */ = {isa = PBXBuildFile; fileRef = 302D95F014D2391D003F00A1 /* MainViewController.xib */; };
		3260B4F5B33F431887A708F7 /* Social.framework in Frameworks */ = {isa = PBXBuildFile; fileRef = 75FF8B5547D84266A2A328FF /* Social.framework */; };
		33264C741FC742D684D6D09E /* Utility.swift in Sources */ = {isa = PBXBuildFile; fileRef = 9E95D39C8E2E432C878C5515 /* Utility.swift */; };
		36B0D8B57C2844788478E489 /* NativeStorage.m in Sources */ = {isa = PBXBuildFile; fileRef = AB1C3D97BCEF4EBBB55F6E69 /* NativeStorage.m */; };
		38CCFE0E29844374945BC22C /* GCDWebServerConnection.m in Sources */ = {isa = PBXBuildFile; fileRef = A0C17DEA58C44A0288A6D1EF /* GCDWebServerConnection.m */; };
		3AC50AFB9C3B4FC2B7EA41EE /* FirebaseAnalytics.framework in Frameworks */ = {isa = PBXBuildFile; fileRef = 7766A3F4B706437AAD7E9F84 /* FirebaseAnalytics.framework */; };
		400CDBEB9F654D629A8387EA /* libz.tbd in Frameworks */ = {isa = PBXBuildFile; fileRef = F17E7EF38D1E4ABF853052C3 /* libz.tbd */; };
		4483E7EF885F468E91E36391 /* CDVInvokedUrlCommand+CULPlugin.m in Sources */ = {isa = PBXBuildFile; fileRef = DA64B71EE479435082AAFA9F /* CDVInvokedUrlCommand+CULPlugin.m */; };
		478B2C71D74E4B59944D2AD2 /* WebAppConfiguration.swift in Sources */ = {isa = PBXBuildFile; fileRef = 35D01E197E984C3091145996 /* WebAppConfiguration.swift */; };
		49FBA86A7CCA4B61895B6F82 /* CULXmlTags.m in Sources */ = {isa = PBXBuildFile; fileRef = 04B0EE75AC2549E697257D04 /* CULXmlTags.m */; };
		4B875EC93760431092F72250 /* CDVPluginResult+CULPlugin.m in Sources */ = {isa = PBXBuildFile; fileRef = A0734E3770614F43A4DEBB82 /* CDVPluginResult+CULPlugin.m */; };
		539EEA697F424C259944A29D /* GCDWebServerFileResponse.m in Sources */ = {isa = PBXBuildFile; fileRef = 248335EB56CE499189B37736 /* GCDWebServerFileResponse.m */; };
		542E4259F04543E6B5AED4CC /* Crashlytics.framework in Frameworks */ = {isa = PBXBuildFile; fileRef = 8E28F67A88D1435482132B8B /* Crashlytics.framework */; };
		58AE75E4EB164600A3581748 /* SafariServices.framework in Frameworks */ = {isa = PBXBuildFile; fileRef = 380AAA3DA29348FFBD298701 /* SafariServices.framework */; settings = {ATTRIBUTES = (Weak, ); }; };
		5EE2EA6A9FE844C5962D1DC6 /* CDVWKWebViewEngine.m in Sources */ = {isa = PBXBuildFile; fileRef = 3997BA53439E434289C95E53 /* CDVWKWebViewEngine.m */; };
		62D7C93A17AC4405B83CE985 /* FirebaseInstanceID.framework in Frameworks */ = {isa = PBXBuildFile; fileRef = 213BA1EA3C014832AC524991 /* FirebaseInstanceID.framework */; };
		63D0716F6A2747E2AD380409 /* CDVAssetLibraryFilesystem.m in Sources */ = {isa = PBXBuildFile; fileRef = B7BCFA4A9A8847D3BFF4AEA9 /* CDVAssetLibraryFilesystem.m */; };
		658D18D110A74A079966265F /* UIImage+CropScaleOrientation.m in Sources */ = {isa = PBXBuildFile; fileRef = E76AFB52E6EE4FA6944F3F72 /* UIImage+CropScaleOrientation.m */; };
		65DAE4D1B14045D0B6AD484C /* AssetBundleManager.swift in Sources */ = {isa = PBXBuildFile; fileRef = 589F36A75405428AB58F1F94 /* AssetBundleManager.swift */; };
		677416642EF44644957BFA34 /* GCDWebServerStreamedResponse.m in Sources */ = {isa = PBXBuildFile; fileRef = 20954907045E428AA49BB3DC /* GCDWebServerStreamedResponse.m */; };
		6DACE9864D2E471FBF538DA9 /* NSBundle+CULPlugin.m in Sources */ = {isa = PBXBuildFile; fileRef = D1D6638658A741C7A456B23C /* NSBundle+CULPlugin.m */; };
		731D661DFB5241AEA7175CFF /* FirebaseMessaging.framework in Frameworks */ = {isa = PBXBuildFile; fileRef = 12C4E37FB5624736A7E7EDFE /* FirebaseMessaging.framework */; };
		79A7E0CE445D4636A75B1C11 /* METPlugin.m in Sources */ = {isa = PBXBuildFile; fileRef = BF0AA6DDBCDD4EE38B236AD8 /* METPlugin.m */; };
		7B03FF6785134E25927857D6 /* GoogleService-Info.plist in Resources */ = {isa = PBXBuildFile; fileRef = A2DC026EDF3647C0A7EAE49E /* GoogleService-Info.plist */; };
		7F7B0F69C10942CFA40725FD /* BackgroundAudio.m in Sources */ = {isa = PBXBuildFile; fileRef = 1806E6A5F8004A9AA2E12139 /* BackgroundAudio.m */; };
		81E73F03F9674A9DAFA54D38 /* GCDWebServerErrorResponse.m in Sources */ = {isa = PBXBuildFile; fileRef = 885AA261D6034B1AA03B9BB0 /* GCDWebServerErrorResponse.m */; };
		835652C07F7648DDB0F247E7 /* GCDWebServerResponse.m in Sources */ = {isa = PBXBuildFile; fileRef = B2D13FE39C3E42E48D5AE226 /* GCDWebServerResponse.m */; };
		86A2924FBD314D4C962ED56C /* SocialMessage.m in Sources */ = {isa = PBXBuildFile; fileRef = A5038BA37CD247B78BE7C241 /* SocialMessage.m */; };
		8AAD4FCC10F3498692303719 /* libc++.dylib in Frameworks */ = {isa = PBXBuildFile; fileRef = 2335EF5E33AF400193F47D10 /* libc++.dylib */; };
		8E755FC2CCD84DC99EB2B9C4 /* GCDWebServerDataResponse.m in Sources */ = {isa = PBXBuildFile; fileRef = FE110F62545744408EC4E613 /* GCDWebServerDataResponse.m */; };
		913F21421F564DF4AB35F566 /* GCDWebServerMultiPartFormRequest.m in Sources */ = {isa = PBXBuildFile; fileRef = D6AB20D8077B4E4EA383D562 /* GCDWebServerMultiPartFormRequest.m */; };
		9486BFBC007045C79BEB59A0 /* METTimer.m in Sources */ = {isa = PBXBuildFile; fileRef = CA49A6D0DD6F4A5BA5749B39 /* METTimer.m */; };
		976DFD91357D4E7FB7CC2F6D /* CDVCamera.m in Sources */ = {isa = PBXBuildFile; fileRef = AE2B152DF4664AA0A1269592 /* CDVCamera.m */; };
		9983103AE1D64A76A38317D0 /* CoreLocation.framework in Frameworks */ = {isa = PBXBuildFile; fileRef = D32C3FDEB84143018592BCA1 /* CoreLocation.framework */; };
		99D1C39936C2415EBAE7A9B7 /* GCDWebServerURLEncodedFormRequest.m in Sources */ = {isa = PBXBuildFile; fileRef = 34B1631DF7F942ABBB272E64 /* GCDWebServerURLEncodedFormRequest.m */; };
		9AC51241690948EEA7D5F65E /* libc++.tbd in Frameworks */ = {isa = PBXBuildFile; fileRef = 9B8C1F84037744E2915FAA5B /* libc++.tbd */; };
		9C7F078934FA4ECE87E95202 /* AppDelegate+FCMPlugin.m in Sources */ = {isa = PBXBuildFile; fileRef = 9CB64CB6FA7743FBAF9F4F84 /* AppDelegate+FCMPlugin.m */; };
		9D53AFC37D2648D28BAA671C /* AppDelegate+CULPlugin.m in Sources */ = {isa = PBXBuildFile; fileRef = 144181897FAB46B6989D9C44 /* AppDelegate+CULPlugin.m */; };
		9F251E92404443269E46B487 /* GoogleIPhoneUtilities.framework in Frameworks */ = {isa = PBXBuildFile; fileRef = 3840A580F3A74BA49AD060AF /* GoogleIPhoneUtilities.framework */; };
		A0DB608D293F415C80E26814 /* CFNetwork.framework in Frameworks */ = {isa = PBXBuildFile; fileRef = F7573F271D744B75ABDBA36F /* CFNetwork.framework */; };
		A5D602D6849B4CF0A3138AEC /* AssetBundle.swift in Sources */ = {isa = PBXBuildFile; fileRef = 6551C2259E304A1392ED5B73 /* AssetBundle.swift */; };
		A84B03D653A14866AD300E07 /* CDVLocalFilesystem.m in Sources */ = {isa = PBXBuildFile; fileRef = EA0ED809C73741448A4FD1D0 /* CDVLocalFilesystem.m */; };
		AAABA2CCAF6F4DD8A6E2CFBA /* GoogleSymbolUtilities.framework in Frameworks */ = {isa = PBXBuildFile; fileRef = ACC19D89139A4AFC83D435C7 /* GoogleSymbolUtilities.framework */; };
		B25F8D7B4E8F47D18315B342 /* AssetManifest.swift in Sources */ = {isa = PBXBuildFile; fileRef = 90DA6375F353409B85AA2F85 /* AssetManifest.swift */; };
		B4AE94E48E684E94B196B7FC /* FirebaseCore.framework in Frameworks */ = {isa = PBXBuildFile; fileRef = 74B7AE591B65448A9EC5D086 /* FirebaseCore.framework */; };
		B5879C5C1EE7475B925C2138 /* Errors.swift in Sources */ = {isa = PBXBuildFile; fileRef = 12678347D415403C98C9EF6C /* Errors.swift */; };
		BB6757D9FCEC4B7FB5ECDD5C /* CDVJpegHeaderWriter.m in Sources */ = {isa = PBXBuildFile; fileRef = F93187D4FF184194B3CB9711 /* CDVJpegHeaderWriter.m */; };
		C443D3814E7D433F9DF7DBF6 /* CDVSound.m in Sources */ = {isa = PBXBuildFile; fileRef = 30C33BD0758E4FC0B6FA48CE /* CDVSound.m */; };
		C88FE7D2A16D4961BD3C035B /* GoogleUtilities.framework in Frameworks */ = {isa = PBXBuildFile; fileRef = 9E9D0EAC8F3A405EAEAE434C /* GoogleUtilities.framework */; };
		C9451F930CE74F588B3B10D7 /* libsqlite3.0.tbd in Frameworks */ = {isa = PBXBuildFile; fileRef = E560511E73D74BAA83F37280 /* libsqlite3.0.tbd */; };
		C9A7B4E6B7814B20AF713073 /* WebAppLocalServer.swift in Sources */ = {isa = PBXBuildFile; fileRef = D036F77AC5F94357A367B1EA /* WebAppLocalServer.swift */; };
		CC975BAA622742BB8A394A72 /* CULPath.m in Sources */ = {isa = PBXBuildFile; fileRef = 3EF5CDDC827E4767AF4AF504 /* CULPath.m */; };
		CCBFF8C7BD78490FB2E8585C /* WebKit.framework in Frameworks */ = {isa = PBXBuildFile; fileRef = 7669A10032894657B1531761 /* WebKit.framework */; settings = {ATTRIBUTES = (Weak, ); }; };
		CD898688F9494AFCA9F90F19 /* ImageIO.framework in Frameworks */ = {isa = PBXBuildFile; fileRef = EE56F58678D143D2AEE2B9BA /* ImageIO.framework */; settings = {ATTRIBUTES = (Weak, ); }; };
		CF06620B5F104B9AA742B665 /* AddressBook.framework in Frameworks */ = {isa = PBXBuildFile; fileRef = DD6D7621C0214136A23839BC /* AddressBook.framework */; };
		D35CC4B3239346E4A42042CF /* CDVSplashScreen.m in Sources */ = {isa = PBXBuildFile; fileRef = 2C376A75FD4542789E73CA05 /* CDVSplashScreen.m */; };
		D4BA83A4BB4D4382AFA58556 /* FirebaseDynamicLinks.framework in Frameworks */ = {isa = PBXBuildFile; fileRef = 3377E0506BC24416975BF42C /* FirebaseDynamicLinks.framework */; };
		D4F5FCFDD8414796AFD58CAF /* CDVFile.m in Sources */ = {isa = PBXBuildFile; fileRef = A8E888521B204A0CB1A76233 /* CDVFile.m */; };
		D638FE8716AB4B338146B757 /* SafariViewController.m in Sources */ = {isa = PBXBuildFile; fileRef = 1E0281F46CB644FF9AE5F17D /* SafariViewController.m */; };
		DAA0872C948941B8ADD6E256 /* METNetworkReachabilityManager.m in Sources */ = {isa = PBXBuildFile; fileRef = 3E33A751E06C4BABB2B530B3 /* METNetworkReachabilityManager.m */; };
		DD66FEEDE9C64F8095491B09 /* CDVFileTransfer.m in Sources */ = {isa = PBXBuildFile; fileRef = B4371BF6F98D4AB59F5E552E /* CDVFileTransfer.m */; };
		E0355D4FFB8F49209E17BEF6 /* libz.dylib in Frameworks */ = {isa = PBXBuildFile; fileRef = 1A77B31D4C384741B0A089FB /* libz.dylib */; };
		E31189077D2B487BBBBC9A8D /* AVFoundation.framework in Frameworks */ = {isa = PBXBuildFile; fileRef = 990810933E754AABB2056CBE /* AVFoundation.framework */; };
		E3FACD0BAADA487897691C83 /* GCDWebServerFileRequest.m in Sources */ = {isa = PBXBuildFile; fileRef = A055BB28DD0E4BAA9D453FA2 /* GCDWebServerFileRequest.m */; };
		E65F1D93E999420E90FE26BD /* CDVInAppBrowser.m in Sources */ = {isa = PBXBuildFile; fileRef = B251BC7C42BB414C99CD3A5C /* CDVInAppBrowser.m */; };
		E8BA151697A04123A62337A5 /* SystemConfiguration.framework in Frameworks */ = {isa = PBXBuildFile; fileRef = 7A98ADD1B7B1496EB2A6E7E0 /* SystemConfiguration.framework */; };
		EB7E509FA29B4AE6BD278FCD /* Fabric.framework in Frameworks */ = {isa = PBXBuildFile; fileRef = DC871CB4A74344E2B97555F4 /* Fabric.framework */; };
		ECFD40B818C84ED88D1D74EF /* AssetBundleDownloader.swift in Sources */ = {isa = PBXBuildFile; fileRef = 35C36EF6064E4570AF44AF7F /* AssetBundleDownloader.swift */; };
		F384CB3BDE3F418E881ECD61 /* Security.framework in Frameworks */ = {isa = PBXBuildFile; fileRef = 2FB72B3B23424C87891F8B09 /* Security.framework */; settings = {ATTRIBUTES = (Weak, ); }; };
		F3B9E530E7974AB6AE3154C6 /* CDVLocation.m in Sources */ = {isa = PBXBuildFile; fileRef = DBD935CA4BEF4EDBA7E86181 /* CDVLocation.m */; };
		FBB37CB4B4684CB380917829 /* FabricPlugin.m in Sources */ = {isa = PBXBuildFile; fileRef = 8C2E50C8475C474EBF17044A /* FabricPlugin.m */; };
		FCFC2FBC5322411A9C45F984 /* GoogleInterchangeUtilities.framework in Frameworks */ = {isa = PBXBuildFile; fileRef = 3C1FBCA95C80492C85B5D2D9 /* GoogleInterchangeUtilities.framework */; };
/* End PBXBuildFile section */

/* Begin PBXContainerItemProxy section */
		301BF534109A57CC0062928A /* PBXContainerItemProxy */ = {
			isa = PBXContainerItemProxy;
			containerPortal = 301BF52D109A57CC0062928A /* CordovaLib.xcodeproj */;
			proxyType = 2;
			remoteGlobalIDString = D2AAC07E0554694100DB518D;
			remoteInfo = CordovaLib;
		};
		301BF550109A68C00062928A /* PBXContainerItemProxy */ = {
			isa = PBXContainerItemProxy;
			containerPortal = 301BF52D109A57CC0062928A /* CordovaLib.xcodeproj */;
			proxyType = 1;
			remoteGlobalIDString = D2AAC07D0554694100DB518D;
			remoteInfo = CordovaLib;
		};
/* End PBXContainerItemProxy section */

/* Begin PBXFileReference section */
		0207DA571B56EA530066E2B4 /* Images.xcassets */ = {isa = PBXFileReference; lastKnownFileType = folder.assetcatalog; name = Images.xcassets; path = NewSpring/Images.xcassets; sourceTree = SOURCE_ROOT; };
		04B0EE75AC2549E697257D04 /* CULXmlTags.m */ = {isa = PBXFileReference; explicitFileType = undefined; fileEncoding = 4; includeInIndex = 0; lastKnownFileType = sourcecode.c.objc; name = CULXmlTags.m; path = "cordova-universal-links-plugin/Parser/CULXmlTags.m"; sourceTree = "<group>"; };
		052608B2CCE547B3AD5DE26F /* NewSpring.entitlements */ = {isa = PBXFileReference; explicitFileType = undefined; fileEncoding = 9; includeInIndex = 0; lastKnownFileType = unknown; path = NewSpring.entitlements; sourceTree = "<group>"; };
		077057427CE84AF697169EED /* NSBundle+CULPlugin.h */ = {isa = PBXFileReference; explicitFileType = undefined; fileEncoding = 4; includeInIndex = 0; lastKnownFileType = sourcecode.c.h; name = "NSBundle+CULPlugin.h"; path = "cordova-universal-links-plugin/Utils/NSBundle+CULPlugin.h"; sourceTree = "<group>"; };
		0BAFDC62EF7646F5A607A858 /* GCDWebServerDataResponse.h */ = {isa = PBXFileReference; explicitFileType = undefined; fileEncoding = 4; includeInIndex = 0; lastKnownFileType = sourcecode.c.h; name = GCDWebServerDataResponse.h; path = "cordova-plugin-meteor-webapp/GCDWebServerDataResponse.h"; sourceTree = "<group>"; };
		0F1AA8098B4B4B7EA0BB1091 /* GCDWebServer.m */ = {isa = PBXFileReference; explicitFileType = undefined; fileEncoding = 4; includeInIndex = 0; lastKnownFileType = sourcecode.c.objc; name = GCDWebServer.m; path = "cordova-plugin-meteor-webapp/GCDWebServer.m"; sourceTree = "<group>"; };
		12678347D415403C98C9EF6C /* Errors.swift */ = {isa = PBXFileReference; explicitFileType = undefined; fileEncoding = 4; includeInIndex = 0; lastKnownFileType = sourcecode.swift; name = Errors.swift; path = "cordova-plugin-meteor-webapp/Errors.swift"; sourceTree = "<group>"; };
		12C4E37FB5624736A7E7EDFE /* FirebaseMessaging.framework */ = {isa = PBXFileReference; explicitFileType = undefined; fileEncoding = 9; includeInIndex = 0; lastKnownFileType = wrapper.framework; name = FirebaseMessaging.framework; path = "NewSpring/Plugins/cordova-plugin-fcm/FirebaseMessaging.framework"; sourceTree = "<group>"; };
		1345EF66DC2940579316A68D /* GCDWebServerRequest.m */ = {isa = PBXFileReference; explicitFileType = undefined; fileEncoding = 4; includeInIndex = 0; lastKnownFileType = sourcecode.c.objc; name = GCDWebServerRequest.m; path = "cordova-plugin-meteor-webapp/GCDWebServerRequest.m"; sourceTree = "<group>"; };
		144181897FAB46B6989D9C44 /* AppDelegate+CULPlugin.m */ = {isa = PBXFileReference; explicitFileType = undefined; fileEncoding = 4; includeInIndex = 0; lastKnownFileType = sourcecode.c.objc; name = "AppDelegate+CULPlugin.m"; path = "cordova-universal-links-plugin/AppDelegate+CULPlugin.m"; sourceTree = "<group>"; };
		146311B216154809978C15FF /* GCDWebServerDataRequest.m */ = {isa = PBXFileReference; explicitFileType = undefined; fileEncoding = 4; includeInIndex = 0; lastKnownFileType = sourcecode.c.objc; name = GCDWebServerDataRequest.m; path = "cordova-plugin-meteor-webapp/GCDWebServerDataRequest.m"; sourceTree = "<group>"; };
		16151C6CDD0E4E808834D868 /* METTimer.h */ = {isa = PBXFileReference; explicitFileType = undefined; fileEncoding = 4; includeInIndex = 0; lastKnownFileType = sourcecode.c.h; name = METTimer.h; path = "cordova-plugin-meteor-webapp/METTimer.h"; sourceTree = "<group>"; };
		16C5E01D580E4FE1AB0DD0BB /* CULPlugin.m */ = {isa = PBXFileReference; explicitFileType = undefined; fileEncoding = 4; includeInIndex = 0; lastKnownFileType = sourcecode.c.objc; name = CULPlugin.m; path = "cordova-universal-links-plugin/CULPlugin.m"; sourceTree = "<group>"; };
		1806E6A5F8004A9AA2E12139 /* BackgroundAudio.m */ = {isa = PBXFileReference; explicitFileType = undefined; fileEncoding = 4; includeInIndex = 0; lastKnownFileType = sourcecode.c.objc; name = BackgroundAudio.m; path = "nl.kingsquare.cordova.background-audio/BackgroundAudio.m"; sourceTree = "<group>"; };
		1A77B31D4C384741B0A089FB /* libz.dylib */ = {isa = PBXFileReference; explicitFileType = undefined; fileEncoding = 9; includeInIndex = 0; lastKnownFileType = "compiled.mach-o.dylib"; name = libz.dylib; path = usr/lib/libz.dylib; sourceTree = SDKROOT; };
		1B984FC98D01477685138600 /* CDVSplashScreen.h */ = {isa = PBXFileReference; explicitFileType = undefined; fileEncoding = 4; includeInIndex = 0; lastKnownFileType = sourcecode.c.h; name = CDVSplashScreen.h; path = "cordova-plugin-splashscreen/CDVSplashScreen.h"; sourceTree = "<group>"; };
		1D3623240D0F684500981E51 /* AppDelegate.h */ = {isa = PBXFileReference; fileEncoding = 4; lastKnownFileType = sourcecode.c.h; path = AppDelegate.h; sourceTree = "<group>"; };
		1D3623250D0F684500981E51 /* AppDelegate.m */ = {isa = PBXFileReference; fileEncoding = 4; lastKnownFileType = sourcecode.c.objc; path = AppDelegate.m; sourceTree = "<group>"; };
		1D6058910D05DD3D006BFB54 /* NewSpring.app */ = {isa = PBXFileReference; explicitFileType = wrapper.application; includeInIndex = 0; path = NewSpring.app; sourceTree = BUILT_PRODUCTS_DIR; };
		1E0281F46CB644FF9AE5F17D /* SafariViewController.m */ = {isa = PBXFileReference; explicitFileType = undefined; fileEncoding = 4; includeInIndex = 0; lastKnownFileType = sourcecode.c.objc; name = SafariViewController.m; path = "cordova-plugin-safariviewcontroller/SafariViewController.m"; sourceTree = "<group>"; };
		1E8153C3D66F4008A70C4C1F /* METRandomValueGenerator.h */ = {isa = PBXFileReference; explicitFileType = undefined; fileEncoding = 4; includeInIndex = 0; lastKnownFileType = sourcecode.c.h; name = METRandomValueGenerator.h; path = "cordova-plugin-meteor-webapp/METRandomValueGenerator.h"; sourceTree = "<group>"; };
		20954907045E428AA49BB3DC /* GCDWebServerStreamedResponse.m */ = {isa = PBXFileReference; explicitFileType = undefined; fileEncoding = 4; includeInIndex = 0; lastKnownFileType = sourcecode.c.objc; name = GCDWebServerStreamedResponse.m; path = "cordova-plugin-meteor-webapp/GCDWebServerStreamedResponse.m"; sourceTree = "<group>"; };
		213BA1EA3C014832AC524991 /* FirebaseInstanceID.framework */ = {isa = PBXFileReference; explicitFileType = undefined; fileEncoding = 9; includeInIndex = 0; lastKnownFileType = wrapper.framework; name = FirebaseInstanceID.framework; path = "NewSpring/Plugins/cordova-plugin-fcm/FirebaseInstanceID.framework"; sourceTree = "<group>"; };
		21A006B6DD0546B4BB5104B4 /* GCDWebServerPrivate.h */ = {isa = PBXFileReference; explicitFileType = undefined; fileEncoding = 4; includeInIndex = 0; lastKnownFileType = sourcecode.c.h; name = GCDWebServerPrivate.h; path = "cordova-plugin-meteor-webapp/GCDWebServerPrivate.h"; sourceTree = "<group>"; };
		22DC5A59CB174D9E901FAEEB /* CDVInAppBrowser.h */ = {isa = PBXFileReference; explicitFileType = undefined; fileEncoding = 4; includeInIndex = 0; lastKnownFileType = sourcecode.c.h; name = CDVInAppBrowser.h; path = "cordova-plugin-inappbrowser/CDVInAppBrowser.h"; sourceTree = "<group>"; };
		2335EF5E33AF400193F47D10 /* libc++.dylib */ = {isa = PBXFileReference; explicitFileType = undefined; fileEncoding = 9; includeInIndex = 0; lastKnownFileType = "compiled.mach-o.dylib"; name = "libc++.dylib"; path = "usr/lib/libc++.dylib"; sourceTree = SDKROOT; };
		248335EB56CE499189B37736 /* GCDWebServerFileResponse.m */ = {isa = PBXFileReference; explicitFileType = undefined; fileEncoding = 4; includeInIndex = 0; lastKnownFileType = sourcecode.c.objc; name = GCDWebServerFileResponse.m; path = "cordova-plugin-meteor-webapp/GCDWebServerFileResponse.m"; sourceTree = "<group>"; };
		24B7B29304BB4A84B7F09409 /* cordova-plugin-meteor-webapp-Bridging-Header.h */ = {isa = PBXFileReference; explicitFileType = undefined; fileEncoding = 4; includeInIndex = 0; lastKnownFileType = sourcecode.c.h; name = "cordova-plugin-meteor-webapp-Bridging-Header.h"; path = "cordova-plugin-meteor-webapp/cordova-plugin-meteor-webapp-Bridging-Header.h"; sourceTree = "<group>"; };
		2703AA680DD242FCBD468A16 /* GCDWebServerHTTPStatusCodes.h */ = {isa = PBXFileReference; explicitFileType = undefined; fileEncoding = 4; includeInIndex = 0; lastKnownFileType = sourcecode.c.h; name = GCDWebServerHTTPStatusCodes.h; path = "cordova-plugin-meteor-webapp/GCDWebServerHTTPStatusCodes.h"; sourceTree = "<group>"; };
		29B97316FDCFA39411CA2CEA /* main.m */ = {isa = PBXFileReference; fileEncoding = 4; lastKnownFileType = sourcecode.c.objc; path = main.m; sourceTree = "<group>"; };
		2A4FB7E3D6D140FD8AA8906D /* METRetryStrategy.h */ = {isa = PBXFileReference; explicitFileType = undefined; fileEncoding = 4; includeInIndex = 0; lastKnownFileType = sourcecode.c.h; name = METRetryStrategy.h; path = "cordova-plugin-meteor-webapp/METRetryStrategy.h"; sourceTree = "<group>"; };
		2C376A75FD4542789E73CA05 /* CDVSplashScreen.m */ = {isa = PBXFileReference; explicitFileType = undefined; fileEncoding = 4; includeInIndex = 0; lastKnownFileType = sourcecode.c.objc; name = CDVSplashScreen.m; path = "cordova-plugin-splashscreen/CDVSplashScreen.m"; sourceTree = "<group>"; };
		2FB72B3B23424C87891F8B09 /* Security.framework */ = {isa = PBXFileReference; explicitFileType = undefined; fileEncoding = 9; includeInIndex = 0; lastKnownFileType = wrapper.framework; name = Security.framework; path = System/Library/Frameworks/Security.framework; sourceTree = SDKROOT; };
		301BF52D109A57CC0062928A /* CordovaLib.xcodeproj */ = {isa = PBXFileReference; lastKnownFileType = "wrapper.pb-project"; name = CordovaLib.xcodeproj; path = CordovaLib/CordovaLib.xcodeproj; sourceTree = "<group>"; };
		301BF56E109A69640062928A /* www */ = {isa = PBXFileReference; lastKnownFileType = folder; path = www; sourceTree = SOURCE_ROOT; };
		302D95EE14D2391D003F00A1 /* MainViewController.h */ = {isa = PBXFileReference; fileEncoding = 4; lastKnownFileType = sourcecode.c.h; path = MainViewController.h; sourceTree = "<group>"; };
		302D95EF14D2391D003F00A1 /* MainViewController.m */ = {isa = PBXFileReference; fileEncoding = 4; lastKnownFileType = sourcecode.c.objc; path = MainViewController.m; sourceTree = "<group>"; };
		302D95F014D2391D003F00A1 /* MainViewController.xib */ = {isa = PBXFileReference; fileEncoding = 4; lastKnownFileType = file.xib; path = MainViewController.xib; sourceTree = "<group>"; };
		3047A50F1AB8059700498E2A /* build-debug.xcconfig */ = {isa = PBXFileReference; fileEncoding = 4; lastKnownFileType = text.xcconfig; name = "build-debug.xcconfig"; path = "cordova/build-debug.xcconfig"; sourceTree = SOURCE_ROOT; };
		3047A5101AB8059700498E2A /* build-release.xcconfig */ = {isa = PBXFileReference; fileEncoding = 4; lastKnownFileType = text.xcconfig; name = "build-release.xcconfig"; path = "cordova/build-release.xcconfig"; sourceTree = SOURCE_ROOT; };
		3047A5111AB8059700498E2A /* build.xcconfig */ = {isa = PBXFileReference; fileEncoding = 4; lastKnownFileType = text.xcconfig; name = build.xcconfig; path = cordova/build.xcconfig; sourceTree = SOURCE_ROOT; };
		30C33BD0758E4FC0B6FA48CE /* CDVSound.m */ = {isa = PBXFileReference; explicitFileType = undefined; fileEncoding = 4; includeInIndex = 0; lastKnownFileType = sourcecode.c.objc; name = CDVSound.m; path = "cordova-plugin-media/CDVSound.m"; sourceTree = "<group>"; };
		310B8DF9BB2E439EB386259D /* Asset.swift */ = {isa = PBXFileReference; explicitFileType = undefined; fileEncoding = 4; includeInIndex = 0; lastKnownFileType = sourcecode.swift; name = Asset.swift; path = "cordova-plugin-meteor-webapp/Asset.swift"; sourceTree = "<group>"; };
		32CA4F630368D1EE00C91783 /* NewSpring-Prefix.pch */ = {isa = PBXFileReference; fileEncoding = 4; lastKnownFileType = sourcecode.c.h; path = "NewSpring-Prefix.pch"; sourceTree = "<group>"; };
		3377E0506BC24416975BF42C /* FirebaseDynamicLinks.framework */ = {isa = PBXFileReference; explicitFileType = undefined; fileEncoding = 9; includeInIndex = 0; lastKnownFileType = wrapper.framework; name = FirebaseDynamicLinks.framework; path = "NewSpring/Plugins/cordova-plugin-fcm/FirebaseDynamicLinks.framework"; sourceTree = "<group>"; };
		34B1631DF7F942ABBB272E64 /* GCDWebServerURLEncodedFormRequest.m */ = {isa = PBXFileReference; explicitFileType = undefined; fileEncoding = 4; includeInIndex = 0; lastKnownFileType = sourcecode.c.objc; name = GCDWebServerURLEncodedFormRequest.m; path = "cordova-plugin-meteor-webapp/GCDWebServerURLEncodedFormRequest.m"; sourceTree = "<group>"; };
		35C36EF6064E4570AF44AF7F /* AssetBundleDownloader.swift */ = {isa = PBXFileReference; explicitFileType = undefined; fileEncoding = 4; includeInIndex = 0; lastKnownFileType = sourcecode.swift; name = AssetBundleDownloader.swift; path = "cordova-plugin-meteor-webapp/AssetBundleDownloader.swift"; sourceTree = "<group>"; };
		35D01E197E984C3091145996 /* WebAppConfiguration.swift */ = {isa = PBXFileReference; explicitFileType = undefined; fileEncoding = 4; includeInIndex = 0; lastKnownFileType = sourcecode.swift; name = WebAppConfiguration.swift; path = "cordova-plugin-meteor-webapp/WebAppConfiguration.swift"; sourceTree = "<group>"; };
		362F5966838A467B9D0E1071 /* CDVDevice.m */ = {isa = PBXFileReference; explicitFileType = undefined; fileEncoding = 4; includeInIndex = 0; lastKnownFileType = sourcecode.c.objc; name = CDVDevice.m; path = "cordova-plugin-device/CDVDevice.m"; sourceTree = "<group>"; };
		380AAA3DA29348FFBD298701 /* SafariServices.framework */ = {isa = PBXFileReference; explicitFileType = undefined; fileEncoding = 9; includeInIndex = 0; lastKnownFileType = wrapper.framework; name = SafariServices.framework; path = System/Library/Frameworks/SafariServices.framework; sourceTree = SDKROOT; };
		38305510F8C04F60951E25C6 /* CDVViewController+SplashScreen.h */ = {isa = PBXFileReference; explicitFileType = undefined; fileEncoding = 4; includeInIndex = 0; lastKnownFileType = sourcecode.c.h; name = "CDVViewController+SplashScreen.h"; path = "cordova-plugin-splashscreen/CDVViewController+SplashScreen.h"; sourceTree = "<group>"; };
		3840A580F3A74BA49AD060AF /* GoogleIPhoneUtilities.framework */ = {isa = PBXFileReference; explicitFileType = undefined; fileEncoding = 9; includeInIndex = 0; lastKnownFileType = wrapper.framework; name = GoogleIPhoneUtilities.framework; path = "NewSpring/Plugins/cordova-plugin-fcm/GoogleIPhoneUtilities.framework"; sourceTree = "<group>"; };
		3997BA53439E434289C95E53 /* CDVWKWebViewEngine.m */ = {isa = PBXFileReference; explicitFileType = undefined; fileEncoding = 4; includeInIndex = 0; lastKnownFileType = sourcecode.c.objc; name = CDVWKWebViewEngine.m; path = "cordova-plugin-wkwebview-engine/CDVWKWebViewEngine.m"; sourceTree = "<group>"; };
		3C1FBCA95C80492C85B5D2D9 /* GoogleInterchangeUtilities.framework */ = {isa = PBXFileReference; explicitFileType = undefined; fileEncoding = 9; includeInIndex = 0; lastKnownFileType = wrapper.framework; name = GoogleInterchangeUtilities.framework; path = "NewSpring/Plugins/cordova-plugin-fcm/GoogleInterchangeUtilities.framework"; sourceTree = "<group>"; };
		3E33A751E06C4BABB2B530B3 /* METNetworkReachabilityManager.m */ = {isa = PBXFileReference; explicitFileType = undefined; fileEncoding = 4; includeInIndex = 0; lastKnownFileType = sourcecode.c.objc; name = METNetworkReachabilityManager.m; path = "cordova-plugin-meteor-webapp/METNetworkReachabilityManager.m"; sourceTree = "<group>"; };
		3EF5CDDC827E4767AF4AF504 /* CULPath.m */ = {isa = PBXFileReference; explicitFileType = undefined; fileEncoding = 4; includeInIndex = 0; lastKnownFileType = sourcecode.c.objc; name = CULPath.m; path = "cordova-universal-links-plugin/Model/CULPath.m"; sourceTree = "<group>"; };
		421AF9A11B324CC8B8804188 /* CDVWKWebViewUIDelegate.m */ = {isa = PBXFileReference; explicitFileType = undefined; fileEncoding = 4; includeInIndex = 0; lastKnownFileType = sourcecode.c.objc; name = CDVWKWebViewUIDelegate.m; path = "cordova-plugin-wkwebview-engine/CDVWKWebViewUIDelegate.m"; sourceTree = "<group>"; };
		4C7F28A9E83F4E40B6F935E8 /* Firebase.h */ = {isa = PBXFileReference; explicitFileType = undefined; fileEncoding = 4; includeInIndex = 0; lastKnownFileType = sourcecode.c.h; name = Firebase.h; path = "cordova-plugin-fcm/Firebase.h"; sourceTree = "<group>"; };
		4C8BEB6454A849C89513FE5C /* CULConfigXmlParser.m */ = {isa = PBXFileReference; explicitFileType = undefined; fileEncoding = 4; includeInIndex = 0; lastKnownFileType = sourcecode.c.objc; name = CULConfigXmlParser.m; path = "cordova-universal-links-plugin/Parser/CULConfigXmlParser.m"; sourceTree = "<group>"; };
		4DC283DBBFEB4596973587BA /* AppDelegate+FCMPlugin.h */ = {isa = PBXFileReference; explicitFileType = undefined; fileEncoding = 4; includeInIndex = 0; lastKnownFileType = sourcecode.c.h; name = "AppDelegate+FCMPlugin.h"; path = "cordova-plugin-fcm/AppDelegate+FCMPlugin.h"; sourceTree = "<group>"; };
		5161FC5D476F42C2B2AD0D42 /* CDVWKWebViewUIDelegate.h */ = {isa = PBXFileReference; explicitFileType = undefined; fileEncoding = 4; includeInIndex = 0; lastKnownFileType = sourcecode.c.h; name = CDVWKWebViewUIDelegate.h; path = "cordova-plugin-wkwebview-engine/CDVWKWebViewUIDelegate.h"; sourceTree = "<group>"; };
		589F36A75405428AB58F1F94 /* AssetBundleManager.swift */ = {isa = PBXFileReference; explicitFileType = undefined; fileEncoding = 4; includeInIndex = 0; lastKnownFileType = sourcecode.swift; name = AssetBundleManager.swift; path = "cordova-plugin-meteor-webapp/AssetBundleManager.swift"; sourceTree = "<group>"; };
		5BDE6C3F5ED54859B35DA157 /* CULPlugin.h */ = {isa = PBXFileReference; explicitFileType = undefined; fileEncoding = 4; includeInIndex = 0; lastKnownFileType = sourcecode.c.h; name = CULPlugin.h; path = "cordova-universal-links-plugin/CULPlugin.h"; sourceTree = "<group>"; };
		602D14D2196A438292C2B04E /* METPlugin.h */ = {isa = PBXFileReference; explicitFileType = undefined; fileEncoding = 4; includeInIndex = 0; lastKnownFileType = sourcecode.c.h; name = METPlugin.h; path = "cordova-plugin-meteor-webapp/METPlugin.h"; sourceTree = "<group>"; };
		6551C2259E304A1392ED5B73 /* AssetBundle.swift */ = {isa = PBXFileReference; explicitFileType = undefined; fileEncoding = 4; includeInIndex = 0; lastKnownFileType = sourcecode.swift; name = AssetBundle.swift; path = "cordova-plugin-meteor-webapp/AssetBundle.swift"; sourceTree = "<group>"; };
		65BE5B963A1D4790BC62E249 /* CULConfigXmlParser.h */ = {isa = PBXFileReference; explicitFileType = undefined; fileEncoding = 4; includeInIndex = 0; lastKnownFileType = sourcecode.c.h; name = CULConfigXmlParser.h; path = "cordova-universal-links-plugin/Parser/CULConfigXmlParser.h"; sourceTree = "<group>"; };
		6794B9A94E0649CF839F5929 /* CULPath.h */ = {isa = PBXFileReference; explicitFileType = undefined; fileEncoding = 4; includeInIndex = 0; lastKnownFileType = sourcecode.c.h; name = CULPath.h; path = "cordova-universal-links-plugin/Model/CULPath.h"; sourceTree = "<group>"; };
		68DAA8C02564409BACDBF853 /* CULHost.h */ = {isa = PBXFileReference; explicitFileType = undefined; fileEncoding = 4; includeInIndex = 0; lastKnownFileType = sourcecode.c.h; name = CULHost.h; path = "cordova-universal-links-plugin/Model/CULHost.h"; sourceTree = "<group>"; };
		69C06A4EA5164EA2B0A3D5AA /* CDVExif.h */ = {isa = PBXFileReference; explicitFileType = undefined; fileEncoding = 4; includeInIndex = 0; lastKnownFileType = sourcecode.c.h; name = CDVExif.h; path = "cordova-plugin-camera/CDVExif.h"; sourceTree = "<group>"; };
		7110D3E9B2BD44F68CCB2943 /* CDVSound.h */ = {isa = PBXFileReference; explicitFileType = undefined; fileEncoding = 4; includeInIndex = 0; lastKnownFileType = sourcecode.c.h; name = CDVSound.h; path = "cordova-plugin-media/CDVSound.h"; sourceTree = "<group>"; };
		74B7AE591B65448A9EC5D086 /* FirebaseCore.framework */ = {isa = PBXFileReference; explicitFileType = undefined; fileEncoding = 9; includeInIndex = 0; lastKnownFileType = wrapper.framework; name = FirebaseCore.framework; path = "NewSpring/Plugins/cordova-plugin-fcm/FirebaseCore.framework"; sourceTree = "<group>"; };
		75FF8B5547D84266A2A328FF /* Social.framework */ = {isa = PBXFileReference; explicitFileType = undefined; fileEncoding = 9; includeInIndex = 0; lastKnownFileType = wrapper.framework; name = Social.framework; path = System/Library/Frameworks/Social.framework; sourceTree = SDKROOT; };
		7669A10032894657B1531761 /* WebKit.framework */ = {isa = PBXFileReference; explicitFileType = undefined; fileEncoding = 9; includeInIndex = 0; lastKnownFileType = wrapper.framework; name = WebKit.framework; path = System/Library/Frameworks/WebKit.framework; sourceTree = SDKROOT; };
		7766A3F4B706437AAD7E9F84 /* FirebaseAnalytics.framework */ = {isa = PBXFileReference; explicitFileType = undefined; fileEncoding = 9; includeInIndex = 0; lastKnownFileType = wrapper.framework; name = FirebaseAnalytics.framework; path = "NewSpring/Plugins/cordova-plugin-fcm/FirebaseAnalytics.framework"; sourceTree = "<group>"; };
		786F6323964546AAA1EDC4D8 /* GCDWebServerFileResponse.h */ = {isa = PBXFileReference; explicitFileType = undefined; fileEncoding = 4; includeInIndex = 0; lastKnownFileType = sourcecode.c.h; name = GCDWebServerFileResponse.h; path = "cordova-plugin-meteor-webapp/GCDWebServerFileResponse.h"; sourceTree = "<group>"; };
		7A98ADD1B7B1496EB2A6E7E0 /* SystemConfiguration.framework */ = {isa = PBXFileReference; explicitFileType = undefined; fileEncoding = 9; includeInIndex = 0; lastKnownFileType = wrapper.framework; name = SystemConfiguration.framework; path = System/Library/Frameworks/SystemConfiguration.framework; sourceTree = SDKROOT; };
		7D5B141BD73D4DD79ED94863 /* GCDWebServerRequest.h */ = {isa = PBXFileReference; explicitFileType = undefined; fileEncoding = 4; includeInIndex = 0; lastKnownFileType = sourcecode.c.h; name = GCDWebServerRequest.h; path = "cordova-plugin-meteor-webapp/GCDWebServerRequest.h"; sourceTree = "<group>"; };
		80E82AF147CD4C91B1786B22 /* CDVLocalFilesystem.h */ = {isa = PBXFileReference; explicitFileType = undefined; fileEncoding = 4; includeInIndex = 0; lastKnownFileType = sourcecode.c.h; name = CDVLocalFilesystem.h; path = "cordova-plugin-file/CDVLocalFilesystem.h"; sourceTree = "<group>"; };
		846E81D4BB80483B867C402C /* GCDWebServerErrorResponse.h */ = {isa = PBXFileReference; explicitFileType = undefined; fileEncoding = 4; includeInIndex = 0; lastKnownFileType = sourcecode.c.h; name = GCDWebServerErrorResponse.h; path = "cordova-plugin-meteor-webapp/GCDWebServerErrorResponse.h"; sourceTree = "<group>"; };
		885AA261D6034B1AA03B9BB0 /* GCDWebServerErrorResponse.m */ = {isa = PBXFileReference; explicitFileType = undefined; fileEncoding = 4; includeInIndex = 0; lastKnownFileType = sourcecode.c.objc; name = GCDWebServerErrorResponse.m; path = "cordova-plugin-meteor-webapp/GCDWebServerErrorResponse.m"; sourceTree = "<group>"; };
		897B181116AC44F39DCFC129 /* SocialMessage.h */ = {isa = PBXFileReference; explicitFileType = undefined; fileEncoding = 4; includeInIndex = 0; lastKnownFileType = sourcecode.c.h; name = SocialMessage.h; path = "cordova-plugin-social-message/SocialMessage.h"; sourceTree = "<group>"; };
		8B20067C2553498EBB98BC83 /* METNetworkReachabilityManager.h */ = {isa = PBXFileReference; explicitFileType = undefined; fileEncoding = 4; includeInIndex = 0; lastKnownFileType = sourcecode.c.h; name = METNetworkReachabilityManager.h; path = "cordova-plugin-meteor-webapp/METNetworkReachabilityManager.h"; sourceTree = "<group>"; };
		8C2E50C8475C474EBF17044A /* FabricPlugin.m */ = {isa = PBXFileReference; explicitFileType = undefined; fileEncoding = 4; includeInIndex = 0; lastKnownFileType = sourcecode.c.objc; name = FabricPlugin.m; path = "cordova-fabric-plugin/FabricPlugin.m"; sourceTree = "<group>"; };
		8C6F289C67E84B499DB53E38 /* SafariViewController.h */ = {isa = PBXFileReference; explicitFileType = undefined; fileEncoding = 4; includeInIndex = 0; lastKnownFileType = sourcecode.c.h; name = SafariViewController.h; path = "cordova-plugin-safariviewcontroller/SafariViewController.h"; sourceTree = "<group>"; };
		8D1107310486CEB800E47090 /* NewSpring-Info.plist */ = {isa = PBXFileReference; fileEncoding = 4; lastKnownFileType = text.plist.xml; name = "NewSpring-Info.plist"; path = "NewSpring/NewSpring-Info.plist"; plistStructureDefinitionIdentifier = "com.apple.xcode.plist.structure-definition.iphone.info-plist"; sourceTree = SOURCE_ROOT; };
		8E28F67A88D1435482132B8B /* Crashlytics.framework */ = {isa = PBXFileReference; explicitFileType = undefined; fileEncoding = 9; includeInIndex = 0; lastKnownFileType = wrapper.framework; name = Crashlytics.framework; path = "NewSpring/Plugins/cordova-fabric-plugin/Crashlytics.framework"; sourceTree = "<group>"; };
		90DA6375F353409B85AA2F85 /* AssetManifest.swift */ = {isa = PBXFileReference; explicitFileType = undefined; fileEncoding = 4; includeInIndex = 0; lastKnownFileType = sourcecode.swift; name = AssetManifest.swift; path = "cordova-plugin-meteor-webapp/AssetManifest.swift"; sourceTree = "<group>"; };
		91B7C4F7151B43DC8CB14153 /* GCDWebServerFunctions.m */ = {isa = PBXFileReference; explicitFileType = undefined; fileEncoding = 4; includeInIndex = 0; lastKnownFileType = sourcecode.c.objc; name = GCDWebServerFunctions.m; path = "cordova-plugin-meteor-webapp/GCDWebServerFunctions.m"; sourceTree = "<group>"; };
		990810933E754AABB2056CBE /* AVFoundation.framework */ = {isa = PBXFileReference; explicitFileType = undefined; fileEncoding = 9; includeInIndex = 0; lastKnownFileType = wrapper.framework; name = AVFoundation.framework; path = System/Library/Frameworks/AVFoundation.framework; sourceTree = SDKROOT; };
		9B8C1F84037744E2915FAA5B /* libc++.tbd */ = {isa = PBXFileReference; explicitFileType = undefined; fileEncoding = 9; includeInIndex = 0; lastKnownFileType = "sourcecode.text-based-dylib-definition"; name = "libc++.tbd"; path = "usr/lib/libc++.tbd"; sourceTree = SDKROOT; };
		9BEBBBBD9F9D4005B41D1A05 /* CDVCamera.h */ = {isa = PBXFileReference; explicitFileType = undefined; fileEncoding = 4; includeInIndex = 0; lastKnownFileType = sourcecode.c.h; name = CDVCamera.h; path = "cordova-plugin-camera/CDVCamera.h"; sourceTree = "<group>"; };
		9CB64CB6FA7743FBAF9F4F84 /* AppDelegate+FCMPlugin.m */ = {isa = PBXFileReference; explicitFileType = undefined; fileEncoding = 4; includeInIndex = 0; lastKnownFileType = sourcecode.c.objc; name = "AppDelegate+FCMPlugin.m"; path = "cordova-plugin-fcm/AppDelegate+FCMPlugin.m"; sourceTree = "<group>"; };
		9D485552AD494470BE267B7F /* FCMPlugin.h */ = {isa = PBXFileReference; explicitFileType = undefined; fileEncoding = 4; includeInIndex = 0; lastKnownFileType = sourcecode.c.h; name = FCMPlugin.h; path = "cordova-plugin-fcm/FCMPlugin.h"; sourceTree = "<group>"; };
		9E95D39C8E2E432C878C5515 /* Utility.swift */ = {isa = PBXFileReference; explicitFileType = undefined; fileEncoding = 4; includeInIndex = 0; lastKnownFileType = sourcecode.swift; name = Utility.swift; path = "cordova-plugin-meteor-webapp/Utility.swift"; sourceTree = "<group>"; };
		9E9D0EAC8F3A405EAEAE434C /* GoogleUtilities.framework */ = {isa = PBXFileReference; explicitFileType = undefined; fileEncoding = 9; includeInIndex = 0; lastKnownFileType = wrapper.framework; name = GoogleUtilities.framework; path = "NewSpring/Plugins/cordova-plugin-fcm/GoogleUtilities.framework"; sourceTree = "<group>"; };
		A02AB8B516EF497D90712DEB /* GCDWebServerStreamedResponse.h */ = {isa = PBXFileReference; explicitFileType = undefined; fileEncoding = 4; includeInIndex = 0; lastKnownFileType = sourcecode.c.h; name = GCDWebServerStreamedResponse.h; path = "cordova-plugin-meteor-webapp/GCDWebServerStreamedResponse.h"; sourceTree = "<group>"; };
		A055BB28DD0E4BAA9D453FA2 /* GCDWebServerFileRequest.m */ = {isa = PBXFileReference; explicitFileType = undefined; fileEncoding = 4; includeInIndex = 0; lastKnownFileType = sourcecode.c.objc; name = GCDWebServerFileRequest.m; path = "cordova-plugin-meteor-webapp/GCDWebServerFileRequest.m"; sourceTree = "<group>"; };
		A0734E3770614F43A4DEBB82 /* CDVPluginResult+CULPlugin.m */ = {isa = PBXFileReference; explicitFileType = undefined; fileEncoding = 4; includeInIndex = 0; lastKnownFileType = sourcecode.c.objc; name = "CDVPluginResult+CULPlugin.m"; path = "cordova-universal-links-plugin/JS/CDVPluginResult+CULPlugin.m"; sourceTree = "<group>"; };
		A07F0BBF01EE4A0093AD7ECC /* GCDWebServerURLEncodedFormRequest.h */ = {isa = PBXFileReference; explicitFileType = undefined; fileEncoding = 4; includeInIndex = 0; lastKnownFileType = sourcecode.c.h; name = GCDWebServerURLEncodedFormRequest.h; path = "cordova-plugin-meteor-webapp/GCDWebServerURLEncodedFormRequest.h"; sourceTree = "<group>"; };
		A0C17DEA58C44A0288A6D1EF /* GCDWebServerConnection.m */ = {isa = PBXFileReference; explicitFileType = undefined; fileEncoding = 4; includeInIndex = 0; lastKnownFileType = sourcecode.c.objc; name = GCDWebServerConnection.m; path = "cordova-plugin-meteor-webapp/GCDWebServerConnection.m"; sourceTree = "<group>"; };
		A2DC026EDF3647C0A7EAE49E /* GoogleService-Info.plist */ = {isa = PBXFileReference; explicitFileType = undefined; fileEncoding = 4; includeInIndex = 0; lastKnownFileType = text.plist.xml; path = "GoogleService-Info.plist"; sourceTree = "<group>"; };
		A496537B016C445B83B34420 /* NativeStorage.h */ = {isa = PBXFileReference; explicitFileType = undefined; fileEncoding = 4; includeInIndex = 0; lastKnownFileType = sourcecode.c.h; name = NativeStorage.h; path = "cordova-plugin-nativestorage/NativeStorage.h"; sourceTree = "<group>"; };
		A5038BA37CD247B78BE7C241 /* SocialMessage.m */ = {isa = PBXFileReference; explicitFileType = undefined; fileEncoding = 4; includeInIndex = 0; lastKnownFileType = sourcecode.c.objc; name = SocialMessage.m; path = "cordova-plugin-social-message/SocialMessage.m"; sourceTree = "<group>"; };
		A6724762DC3A4FED8EAE5690 /* CDVStatusBar.h */ = {isa = PBXFileReference; explicitFileType = undefined; fileEncoding = 4; includeInIndex = 0; lastKnownFileType = sourcecode.c.h; name = CDVStatusBar.h; path = "cordova-plugin-statusbar/CDVStatusBar.h"; sourceTree = "<group>"; };
		A82BBA0C4A874254918D50A5 /* GCDWebServerDataRequest.h */ = {isa = PBXFileReference; explicitFileType = undefined; fileEncoding = 4; includeInIndex = 0; lastKnownFileType = sourcecode.c.h; name = GCDWebServerDataRequest.h; path = "cordova-plugin-meteor-webapp/GCDWebServerDataRequest.h"; sourceTree = "<group>"; };
		A8E888521B204A0CB1A76233 /* CDVFile.m */ = {isa = PBXFileReference; explicitFileType = undefined; fileEncoding = 4; includeInIndex = 0; lastKnownFileType = sourcecode.c.objc; name = CDVFile.m; path = "cordova-plugin-file/CDVFile.m"; sourceTree = "<group>"; };
		A9480940ADA2483B9B1C5764 /* AppDelegate+CULPlugin.h */ = {isa = PBXFileReference; explicitFileType = undefined; fileEncoding = 4; includeInIndex = 0; lastKnownFileType = sourcecode.c.h; name = "AppDelegate+CULPlugin.h"; path = "cordova-universal-links-plugin/AppDelegate+CULPlugin.h"; sourceTree = "<group>"; };
		AB1C3D97BCEF4EBBB55F6E69 /* NativeStorage.m */ = {isa = PBXFileReference; explicitFileType = undefined; fileEncoding = 4; includeInIndex = 0; lastKnownFileType = sourcecode.c.objc; name = NativeStorage.m; path = "cordova-plugin-nativestorage/NativeStorage.m"; sourceTree = "<group>"; };
		ACC19D89139A4AFC83D435C7 /* GoogleSymbolUtilities.framework */ = {isa = PBXFileReference; explicitFileType = undefined; fileEncoding = 9; includeInIndex = 0; lastKnownFileType = wrapper.framework; name = GoogleSymbolUtilities.framework; path = "NewSpring/Plugins/cordova-plugin-fcm/GoogleSymbolUtilities.framework"; sourceTree = "<group>"; };
		AE2B152DF4664AA0A1269592 /* CDVCamera.m */ = {isa = PBXFileReference; explicitFileType = undefined; fileEncoding = 4; includeInIndex = 0; lastKnownFileType = sourcecode.c.objc; name = CDVCamera.m; path = "cordova-plugin-camera/CDVCamera.m"; sourceTree = "<group>"; };
		AE45DEDC289C4293A1A742C7 /* GCDWebServerResponse.h */ = {isa = PBXFileReference; explicitFileType = undefined; fileEncoding = 4; includeInIndex = 0; lastKnownFileType = sourcecode.c.h; name = GCDWebServerResponse.h; path = "cordova-plugin-meteor-webapp/GCDWebServerResponse.h"; sourceTree = "<group>"; };
		B02C8DF506774DAD89CCA655 /* CDVStatusBar.m */ = {isa = PBXFileReference; explicitFileType = undefined; fileEncoding = 4; includeInIndex = 0; lastKnownFileType = sourcecode.c.objc; name = CDVStatusBar.m; path = "cordova-plugin-statusbar/CDVStatusBar.m"; sourceTree = "<group>"; };
		B10E588DD1914FF0BB303066 /* FCMPlugin.m */ = {isa = PBXFileReference; explicitFileType = undefined; fileEncoding = 4; includeInIndex = 0; lastKnownFileType = sourcecode.c.objc; name = FCMPlugin.m; path = "cordova-plugin-fcm/FCMPlugin.m"; sourceTree = "<group>"; };
		B1B4891B3DA84AE1A10BE56C /* CDVLocation.h */ = {isa = PBXFileReference; explicitFileType = undefined; fileEncoding = 4; includeInIndex = 0; lastKnownFileType = sourcecode.c.h; name = CDVLocation.h; path = "cordova-plugin-geolocation/CDVLocation.h"; sourceTree = "<group>"; };
		B251BC7C42BB414C99CD3A5C /* CDVInAppBrowser.m */ = {isa = PBXFileReference; explicitFileType = undefined; fileEncoding = 4; includeInIndex = 0; lastKnownFileType = sourcecode.c.objc; name = CDVInAppBrowser.m; path = "cordova-plugin-inappbrowser/CDVInAppBrowser.m"; sourceTree = "<group>"; };
		B2D13FE39C3E42E48D5AE226 /* GCDWebServerResponse.m */ = {isa = PBXFileReference; explicitFileType = undefined; fileEncoding = 4; includeInIndex = 0; lastKnownFileType = sourcecode.c.objc; name = GCDWebServerResponse.m; path = "cordova-plugin-meteor-webapp/GCDWebServerResponse.m"; sourceTree = "<group>"; };
		B4371BF6F98D4AB59F5E552E /* CDVFileTransfer.m */ = {isa = PBXFileReference; explicitFileType = undefined; fileEncoding = 4; includeInIndex = 0; lastKnownFileType = sourcecode.c.objc; name = CDVFileTransfer.m; path = "cordova-plugin-file-transfer/CDVFileTransfer.m"; sourceTree = "<group>"; };
		B5EEE3B628EF4F7DA1CC2F9D /* METRandomValueGenerator.m */ = {isa = PBXFileReference; explicitFileType = undefined; fileEncoding = 4; includeInIndex = 0; lastKnownFileType = sourcecode.c.objc; name = METRandomValueGenerator.m; path = "cordova-plugin-meteor-webapp/METRandomValueGenerator.m"; sourceTree = "<group>"; };
		B6D1685BDCD0443C90C3C9A7 /* GCDWebServerFileRequest.h */ = {isa = PBXFileReference; explicitFileType = undefined; fileEncoding = 4; includeInIndex = 0; lastKnownFileType = sourcecode.c.h; name = GCDWebServerFileRequest.h; path = "cordova-plugin-meteor-webapp/GCDWebServerFileRequest.h"; sourceTree = "<group>"; };
		B7BCFA4A9A8847D3BFF4AEA9 /* CDVAssetLibraryFilesystem.m */ = {isa = PBXFileReference; explicitFileType = undefined; fileEncoding = 4; includeInIndex = 0; lastKnownFileType = sourcecode.c.objc; name = CDVAssetLibraryFilesystem.m; path = "cordova-plugin-file/CDVAssetLibraryFilesystem.m"; sourceTree = "<group>"; };
		BA12D2A9DFC74093B5530013 /* CDVFile.h */ = {isa = PBXFileReference; explicitFileType = undefined; fileEncoding = 4; includeInIndex = 0; lastKnownFileType = sourcecode.c.h; name = CDVFile.h; path = "cordova-plugin-file/CDVFile.h"; sourceTree = "<group>"; };
		BA3DCB312D2145F2AE4A771D /* METRetryStrategy.m */ = {isa = PBXFileReference; explicitFileType = undefined; fileEncoding = 4; includeInIndex = 0; lastKnownFileType = sourcecode.c.objc; name = METRetryStrategy.m; path = "cordova-plugin-meteor-webapp/METRetryStrategy.m"; sourceTree = "<group>"; };
		BF0AA6DDBCDD4EE38B236AD8 /* METPlugin.m */ = {isa = PBXFileReference; explicitFileType = undefined; fileEncoding = 4; includeInIndex = 0; lastKnownFileType = sourcecode.c.objc; name = METPlugin.m; path = "cordova-plugin-meteor-webapp/METPlugin.m"; sourceTree = "<group>"; };
		C273F67361364155B30E9AA7 /* CDVWKWebViewEngine.h */ = {isa = PBXFileReference; explicitFileType = undefined; fileEncoding = 4; includeInIndex = 0; lastKnownFileType = sourcecode.c.h; name = CDVWKWebViewEngine.h; path = "cordova-plugin-wkwebview-engine/CDVWKWebViewEngine.h"; sourceTree = "<group>"; };
		C87A49F960A840198E501E89 /* CDVJpegHeaderWriter.h */ = {isa = PBXFileReference; explicitFileType = undefined; fileEncoding = 4; includeInIndex = 0; lastKnownFileType = sourcecode.c.h; name = CDVJpegHeaderWriter.h; path = "cordova-plugin-camera/CDVJpegHeaderWriter.h"; sourceTree = "<group>"; };
		CA49A6D0DD6F4A5BA5749B39 /* METTimer.m */ = {isa = PBXFileReference; explicitFileType = undefined; fileEncoding = 4; includeInIndex = 0; lastKnownFileType = sourcecode.c.objc; name = METTimer.m; path = "cordova-plugin-meteor-webapp/METTimer.m"; sourceTree = "<group>"; };
		CF1BDC4ED0D849B282F5ABF4 /* GCDWebServerFunctions.h */ = {isa = PBXFileReference; explicitFileType = undefined; fileEncoding = 4; includeInIndex = 0; lastKnownFileType = sourcecode.c.h; name = GCDWebServerFunctions.h; path = "cordova-plugin-meteor-webapp/GCDWebServerFunctions.h"; sourceTree = "<group>"; };
		D036F77AC5F94357A367B1EA /* WebAppLocalServer.swift */ = {isa = PBXFileReference; explicitFileType = undefined; fileEncoding = 4; includeInIndex = 0; lastKnownFileType = sourcecode.swift; name = WebAppLocalServer.swift; path = "cordova-plugin-meteor-webapp/WebAppLocalServer.swift"; sourceTree = "<group>"; };
		D1D6638658A741C7A456B23C /* NSBundle+CULPlugin.m */ = {isa = PBXFileReference; explicitFileType = undefined; fileEncoding = 4; includeInIndex = 0; lastKnownFileType = sourcecode.c.objc; name = "NSBundle+CULPlugin.m"; path = "cordova-universal-links-plugin/Utils/NSBundle+CULPlugin.m"; sourceTree = "<group>"; };
		D29C1B0F93D94F438FFD2E87 /* GCDWebServerMultiPartFormRequest.h */ = {isa = PBXFileReference; explicitFileType = undefined; fileEncoding = 4; includeInIndex = 0; lastKnownFileType = sourcecode.c.h; name = GCDWebServerMultiPartFormRequest.h; path = "cordova-plugin-meteor-webapp/GCDWebServerMultiPartFormRequest.h"; sourceTree = "<group>"; };
		D32C3FDEB84143018592BCA1 /* CoreLocation.framework */ = {isa = PBXFileReference; explicitFileType = undefined; fileEncoding = 9; includeInIndex = 0; lastKnownFileType = wrapper.framework; name = CoreLocation.framework; path = System/Library/Frameworks/CoreLocation.framework; sourceTree = SDKROOT; };
		D6AB20D8077B4E4EA383D562 /* GCDWebServerMultiPartFormRequest.m */ = {isa = PBXFileReference; explicitFileType = undefined; fileEncoding = 4; includeInIndex = 0; lastKnownFileType = sourcecode.c.objc; name = GCDWebServerMultiPartFormRequest.m; path = "cordova-plugin-meteor-webapp/GCDWebServerMultiPartFormRequest.m"; sourceTree = "<group>"; };
		D881DE73B59B438CB34CC3CF /* GCDWebServer.h */ = {isa = PBXFileReference; explicitFileType = undefined; fileEncoding = 4; includeInIndex = 0; lastKnownFileType = sourcecode.c.h; name = GCDWebServer.h; path = "cordova-plugin-meteor-webapp/GCDWebServer.h"; sourceTree = "<group>"; };
		D8A7988F0C624BB3B17CDA3D /* CDVFileTransfer.h */ = {isa = PBXFileReference; explicitFileType = undefined; fileEncoding = 4; includeInIndex = 0; lastKnownFileType = sourcecode.c.h; name = CDVFileTransfer.h; path = "cordova-plugin-file-transfer/CDVFileTransfer.h"; sourceTree = "<group>"; };
		DA64B71EE479435082AAFA9F /* CDVInvokedUrlCommand+CULPlugin.m */ = {isa = PBXFileReference; explicitFileType = undefined; fileEncoding = 4; includeInIndex = 0; lastKnownFileType = sourcecode.c.objc; name = "CDVInvokedUrlCommand+CULPlugin.m"; path = "cordova-universal-links-plugin/JS/CDVInvokedUrlCommand+CULPlugin.m"; sourceTree = "<group>"; };
		DBD935CA4BEF4EDBA7E86181 /* CDVLocation.m */ = {isa = PBXFileReference; explicitFileType = undefined; fileEncoding = 4; includeInIndex = 0; lastKnownFileType = sourcecode.c.objc; name = CDVLocation.m; path = "cordova-plugin-geolocation/CDVLocation.m"; sourceTree = "<group>"; };
		DC871CB4A74344E2B97555F4 /* Fabric.framework */ = {isa = PBXFileReference; explicitFileType = undefined; fileEncoding = 9; includeInIndex = 0; lastKnownFileType = wrapper.framework; name = Fabric.framework; path = "NewSpring/Plugins/cordova-fabric-plugin/Fabric.framework"; sourceTree = "<group>"; };
		DD6D7621C0214136A23839BC /* AddressBook.framework */ = {isa = PBXFileReference; explicitFileType = undefined; fileEncoding = 9; includeInIndex = 0; lastKnownFileType = wrapper.framework; name = AddressBook.framework; path = System/Library/Frameworks/AddressBook.framework; sourceTree = SDKROOT; };
		E560511E73D74BAA83F37280 /* libsqlite3.0.tbd */ = {isa = PBXFileReference; explicitFileType = undefined; fileEncoding = 9; includeInIndex = 0; lastKnownFileType = "sourcecode.text-based-dylib-definition"; name = libsqlite3.0.tbd; path = usr/lib/libsqlite3.0.tbd; sourceTree = SDKROOT; };
		E745A6D3F66740E79F37F4C1 /* UIImage+CropScaleOrientation.h */ = {isa = PBXFileReference; explicitFileType = undefined; fileEncoding = 4; includeInIndex = 0; lastKnownFileType = sourcecode.c.h; name = "UIImage+CropScaleOrientation.h"; path = "cordova-plugin-camera/UIImage+CropScaleOrientation.h"; sourceTree = "<group>"; };
		E76AFB52E6EE4FA6944F3F72 /* UIImage+CropScaleOrientation.m */ = {isa = PBXFileReference; explicitFileType = undefined; fileEncoding = 4; includeInIndex = 0; lastKnownFileType = sourcecode.c.objc; name = "UIImage+CropScaleOrientation.m"; path = "cordova-plugin-camera/UIImage+CropScaleOrientation.m"; sourceTree = "<group>"; };
		EA0ED809C73741448A4FD1D0 /* CDVLocalFilesystem.m */ = {isa = PBXFileReference; explicitFileType = undefined; fileEncoding = 4; includeInIndex = 0; lastKnownFileType = sourcecode.c.objc; name = CDVLocalFilesystem.m; path = "cordova-plugin-file/CDVLocalFilesystem.m"; sourceTree = "<group>"; };
		EA8A98EE49F24031BFC02618 /* CDVInvokedUrlCommand+CULPlugin.h */ = {isa = PBXFileReference; explicitFileType = undefined; fileEncoding = 4; includeInIndex = 0; lastKnownFileType = sourcecode.c.h; name = "CDVInvokedUrlCommand+CULPlugin.h"; path = "cordova-universal-links-plugin/JS/CDVInvokedUrlCommand+CULPlugin.h"; sourceTree = "<group>"; };
		EB87FDF31871DA8E0020F90C /* www */ = {isa = PBXFileReference; lastKnownFileType = folder; name = www; path = ../../www; sourceTree = "<group>"; };
		EB87FDF41871DAF40020F90C /* config.xml */ = {isa = PBXFileReference; lastKnownFileType = text.xml; name = config.xml; path = ../../config.xml; sourceTree = "<group>"; };
		ED33DF2A687741AEAF9F8254 /* Bridging-Header.h */ = {isa = PBXFileReference; fileEncoding = 4; lastKnownFileType = sourcecode.c.h; path = "Bridging-Header.h"; sourceTree = "<group>"; };
		EE56F58678D143D2AEE2B9BA /* ImageIO.framework */ = {isa = PBXFileReference; explicitFileType = undefined; fileEncoding = 9; includeInIndex = 0; lastKnownFileType = wrapper.framework; name = ImageIO.framework; path = System/Library/Frameworks/ImageIO.framework; sourceTree = SDKROOT; };
		F088990BC97A46D18A09C98A /* CDVPluginResult+CULPlugin.h */ = {isa = PBXFileReference; explicitFileType = undefined; fileEncoding = 4; includeInIndex = 0; lastKnownFileType = sourcecode.c.h; name = "CDVPluginResult+CULPlugin.h"; path = "cordova-universal-links-plugin/JS/CDVPluginResult+CULPlugin.h"; sourceTree = "<group>"; };
		F17E7EF38D1E4ABF853052C3 /* libz.tbd */ = {isa = PBXFileReference; explicitFileType = undefined; fileEncoding = 9; includeInIndex = 0; lastKnownFileType = "sourcecode.text-based-dylib-definition"; name = libz.tbd; path = usr/lib/libz.tbd; sourceTree = SDKROOT; };
		F1B0AF5AC9234C6D98FEC5DB /* CULXmlTags.h */ = {isa = PBXFileReference; explicitFileType = undefined; fileEncoding = 4; includeInIndex = 0; lastKnownFileType = sourcecode.c.h; name = CULXmlTags.h; path = "cordova-universal-links-plugin/Parser/CULXmlTags.h"; sourceTree = "<group>"; };
		F27A4A55D68D4AC4BA0468C6 /* CDVDevice.h */ = {isa = PBXFileReference; explicitFileType = undefined; fileEncoding = 4; includeInIndex = 0; lastKnownFileType = sourcecode.c.h; name = CDVDevice.h; path = "cordova-plugin-device/CDVDevice.h"; sourceTree = "<group>"; };
		F42051D7908E4DAB979C151E /* CDVAssetLibraryFilesystem.h */ = {isa = PBXFileReference; explicitFileType = undefined; fileEncoding = 4; includeInIndex = 0; lastKnownFileType = sourcecode.c.h; name = CDVAssetLibraryFilesystem.h; path = "cordova-plugin-file/CDVAssetLibraryFilesystem.h"; sourceTree = "<group>"; };
		F51FB9A7DE92475BBB9A24CA /* GCDWebServerConnection.h */ = {isa = PBXFileReference; explicitFileType = undefined; fileEncoding = 4; includeInIndex = 0; lastKnownFileType = sourcecode.c.h; name = GCDWebServerConnection.h; path = "cordova-plugin-meteor-webapp/GCDWebServerConnection.h"; sourceTree = "<group>"; };
		F6849EDE8B504B57A35C697E /* CDVViewController+SplashScreen.m */ = {isa = PBXFileReference; explicitFileType = undefined; fileEncoding = 4; includeInIndex = 0; lastKnownFileType = sourcecode.c.objc; name = "CDVViewController+SplashScreen.m"; path = "cordova-plugin-splashscreen/CDVViewController+SplashScreen.m"; sourceTree = "<group>"; };
		F6E4B3518DDE452AB0F53CF6 /* CULHost.m */ = {isa = PBXFileReference; explicitFileType = undefined; fileEncoding = 4; includeInIndex = 0; lastKnownFileType = sourcecode.c.objc; name = CULHost.m; path = "cordova-universal-links-plugin/Model/CULHost.m"; sourceTree = "<group>"; };
		F7573F271D744B75ABDBA36F /* CFNetwork.framework */ = {isa = PBXFileReference; explicitFileType = undefined; fileEncoding = 9; includeInIndex = 0; lastKnownFileType = wrapper.framework; name = CFNetwork.framework; path = System/Library/Frameworks/CFNetwork.framework; sourceTree = SDKROOT; };
		F840E1F0165FE0F500CFE078 /* config.xml */ = {isa = PBXFileReference; lastKnownFileType = text.xml; name = config.xml; path = NewSpring/config.xml; sourceTree = "<group>"; };
		F93187D4FF184194B3CB9711 /* CDVJpegHeaderWriter.m */ = {isa = PBXFileReference; explicitFileType = undefined; fileEncoding = 4; includeInIndex = 0; lastKnownFileType = sourcecode.c.objc; name = CDVJpegHeaderWriter.m; path = "cordova-plugin-camera/CDVJpegHeaderWriter.m"; sourceTree = "<group>"; };
		FE110F62545744408EC4E613 /* GCDWebServerDataResponse.m */ = {isa = PBXFileReference; explicitFileType = undefined; fileEncoding = 4; includeInIndex = 0; lastKnownFileType = sourcecode.c.objc; name = GCDWebServerDataResponse.m; path = "cordova-plugin-meteor-webapp/GCDWebServerDataResponse.m"; sourceTree = "<group>"; };
/* End PBXFileReference section */

/* Begin PBXFrameworksBuildPhase section */
		1D60588F0D05DD3D006BFB54 /* Frameworks */ = {
			isa = PBXFrameworksBuildPhase;
			buildActionMask = 2147483647;
			files = (
				301BF552109A68D80062928A /* libCordova.a in Frameworks */,
				CCBFF8C7BD78490FB2E8585C /* WebKit.framework in Frameworks */,
				A0DB608D293F415C80E26814 /* CFNetwork.framework in Frameworks */,
				E0355D4FFB8F49209E17BEF6 /* libz.dylib in Frameworks */,
				8AAD4FCC10F3498692303719 /* libc++.dylib in Frameworks */,
				E8BA151697A04123A62337A5 /* SystemConfiguration.framework in Frameworks */,
				F384CB3BDE3F418E881ECD61 /* Security.framework in Frameworks */,
				CD898688F9494AFCA9F90F19 /* ImageIO.framework in Frameworks */,
				9983103AE1D64A76A38317D0 /* CoreLocation.framework in Frameworks */,
				E31189077D2B487BBBBC9A8D /* AVFoundation.framework in Frameworks */,
				400CDBEB9F654D629A8387EA /* libz.tbd in Frameworks */,
				9AC51241690948EEA7D5F65E /* libc++.tbd in Frameworks */,
				CF06620B5F104B9AA742B665 /* AddressBook.framework in Frameworks */,
				C9451F930CE74F588B3B10D7 /* libsqlite3.0.tbd in Frameworks */,
				58AE75E4EB164600A3581748 /* SafariServices.framework in Frameworks */,
				3260B4F5B33F431887A708F7 /* Social.framework in Frameworks */,
				EB7E509FA29B4AE6BD278FCD /* Fabric.framework in Frameworks */,
				542E4259F04543E6B5AED4CC /* Crashlytics.framework in Frameworks */,
				3AC50AFB9C3B4FC2B7EA41EE /* FirebaseAnalytics.framework in Frameworks */,
				B4AE94E48E684E94B196B7FC /* FirebaseCore.framework in Frameworks */,
				62D7C93A17AC4405B83CE985 /* FirebaseInstanceID.framework in Frameworks */,
				731D661DFB5241AEA7175CFF /* FirebaseMessaging.framework in Frameworks */,
				D4BA83A4BB4D4382AFA58556 /* FirebaseDynamicLinks.framework in Frameworks */,
				FCFC2FBC5322411A9C45F984 /* GoogleInterchangeUtilities.framework in Frameworks */,
				9F251E92404443269E46B487 /* GoogleIPhoneUtilities.framework in Frameworks */,
				AAABA2CCAF6F4DD8A6E2CFBA /* GoogleSymbolUtilities.framework in Frameworks */,
				C88FE7D2A16D4961BD3C035B /* GoogleUtilities.framework in Frameworks */,
			);
			runOnlyForDeploymentPostprocessing = 0;
		};
/* End PBXFrameworksBuildPhase section */

/* Begin PBXGroup section */
		080E96DDFE201D6D7F000001 /* Classes */ = {
			isa = PBXGroup;
			children = (
				302D95EE14D2391D003F00A1 /* MainViewController.h */,
				302D95EF14D2391D003F00A1 /* MainViewController.m */,
				302D95F014D2391D003F00A1 /* MainViewController.xib */,
				1D3623240D0F684500981E51 /* AppDelegate.h */,
				1D3623250D0F684500981E51 /* AppDelegate.m */,
			);
			name = Classes;
			path = NewSpring/Classes;
			sourceTree = SOURCE_ROOT;
		};
		19C28FACFE9D520D11CA2CBB /* Products */ = {
			isa = PBXGroup;
			children = (
				1D6058910D05DD3D006BFB54 /* NewSpring.app */,
			);
			name = Products;
			sourceTree = "<group>";
		};
		29B97314FDCFA39411CA2CEA /* CustomTemplate */ = {
			isa = PBXGroup;
			children = (
				EB87FDF41871DAF40020F90C /* config.xml */,
				EB87FDF31871DA8E0020F90C /* www */,
				EB87FDF11871DA420020F90C /* Staging */,
				301BF52D109A57CC0062928A /* CordovaLib.xcodeproj */,
				080E96DDFE201D6D7F000001 /* Classes */,
				307C750510C5A3420062BCA9 /* Plugins */,
				29B97315FDCFA39411CA2CEA /* Other Sources */,
				29B97317FDCFA39411CA2CEA /* Resources */,
				29B97323FDCFA39411CA2CEA /* Frameworks */,
				19C28FACFE9D520D11CA2CBB /* Products */,
			);
			name = CustomTemplate;
			sourceTree = "<group>";
		};
		29B97315FDCFA39411CA2CEA /* Other Sources */ = {
			isa = PBXGroup;
			children = (
				32CA4F630368D1EE00C91783 /* NewSpring-Prefix.pch */,
				29B97316FDCFA39411CA2CEA /* main.m */,
				ED33DF2A687741AEAF9F8254 /* Bridging-Header.h */,
			);
			name = "Other Sources";
			path = NewSpring;
			sourceTree = "<group>";
		};
		29B97317FDCFA39411CA2CEA /* Resources */ = {
			isa = PBXGroup;
			children = (
				0207DA571B56EA530066E2B4 /* Images.xcassets */,
				3047A50E1AB8057F00498E2A /* config */,
				8D1107310486CEB800E47090 /* NewSpring-Info.plist */,
				052608B2CCE547B3AD5DE26F /* NewSpring.entitlements */,
				A2DC026EDF3647C0A7EAE49E /* GoogleService-Info.plist */,
			);
			name = Resources;
			path = NewSpring/Resources;
			sourceTree = "<group>";
		};
		29B97323FDCFA39411CA2CEA /* Frameworks */ = {
			isa = PBXGroup;
			children = (
				7669A10032894657B1531761 /* WebKit.framework */,
				F7573F271D744B75ABDBA36F /* CFNetwork.framework */,
				1A77B31D4C384741B0A089FB /* libz.dylib */,
				2335EF5E33AF400193F47D10 /* libc++.dylib */,
				7A98ADD1B7B1496EB2A6E7E0 /* SystemConfiguration.framework */,
				2FB72B3B23424C87891F8B09 /* Security.framework */,
				EE56F58678D143D2AEE2B9BA /* ImageIO.framework */,
				D32C3FDEB84143018592BCA1 /* CoreLocation.framework */,
				990810933E754AABB2056CBE /* AVFoundation.framework */,
				F17E7EF38D1E4ABF853052C3 /* libz.tbd */,
				9B8C1F84037744E2915FAA5B /* libc++.tbd */,
				DD6D7621C0214136A23839BC /* AddressBook.framework */,
				E560511E73D74BAA83F37280 /* libsqlite3.0.tbd */,
				380AAA3DA29348FFBD298701 /* SafariServices.framework */,
				75FF8B5547D84266A2A328FF /* Social.framework */,
				DC871CB4A74344E2B97555F4 /* Fabric.framework */,
				8E28F67A88D1435482132B8B /* Crashlytics.framework */,
				7766A3F4B706437AAD7E9F84 /* FirebaseAnalytics.framework */,
				74B7AE591B65448A9EC5D086 /* FirebaseCore.framework */,
				213BA1EA3C014832AC524991 /* FirebaseInstanceID.framework */,
				12C4E37FB5624736A7E7EDFE /* FirebaseMessaging.framework */,
				3377E0506BC24416975BF42C /* FirebaseDynamicLinks.framework */,
				3C1FBCA95C80492C85B5D2D9 /* GoogleInterchangeUtilities.framework */,
				3840A580F3A74BA49AD060AF /* GoogleIPhoneUtilities.framework */,
				ACC19D89139A4AFC83D435C7 /* GoogleSymbolUtilities.framework */,
				9E9D0EAC8F3A405EAEAE434C /* GoogleUtilities.framework */,
			);
			name = Frameworks;
			sourceTree = "<group>";
		};
		301BF52E109A57CC0062928A /* Products */ = {
			isa = PBXGroup;
			children = (
				301BF535109A57CC0062928A /* libCordova.a */,
			);
			name = Products;
			sourceTree = "<group>";
		};
		3047A50E1AB8057F00498E2A /* config */ = {
			isa = PBXGroup;
			children = (
				3047A50F1AB8059700498E2A /* build-debug.xcconfig */,
				3047A5101AB8059700498E2A /* build-release.xcconfig */,
				3047A5111AB8059700498E2A /* build.xcconfig */,
			);
			name = config;
			sourceTree = "<group>";
		};
		307C750510C5A3420062BCA9 /* Plugins */ = {
			isa = PBXGroup;
			children = (
				3997BA53439E434289C95E53 /* CDVWKWebViewEngine.m */,
				421AF9A11B324CC8B8804188 /* CDVWKWebViewUIDelegate.m */,
				C273F67361364155B30E9AA7 /* CDVWKWebViewEngine.h */,
				5161FC5D476F42C2B2AD0D42 /* CDVWKWebViewUIDelegate.h */,
				D036F77AC5F94357A367B1EA /* WebAppLocalServer.swift */,
				35D01E197E984C3091145996 /* WebAppConfiguration.swift */,
				589F36A75405428AB58F1F94 /* AssetBundleManager.swift */,
				6551C2259E304A1392ED5B73 /* AssetBundle.swift */,
				310B8DF9BB2E439EB386259D /* Asset.swift */,
				35C36EF6064E4570AF44AF7F /* AssetBundleDownloader.swift */,
				90DA6375F353409B85AA2F85 /* AssetManifest.swift */,
				12678347D415403C98C9EF6C /* Errors.swift */,
				9E95D39C8E2E432C878C5515 /* Utility.swift */,
				BF0AA6DDBCDD4EE38B236AD8 /* METPlugin.m */,
				CA49A6D0DD6F4A5BA5749B39 /* METTimer.m */,
				BA3DCB312D2145F2AE4A771D /* METRetryStrategy.m */,
				3E33A751E06C4BABB2B530B3 /* METNetworkReachabilityManager.m */,
				B5EEE3B628EF4F7DA1CC2F9D /* METRandomValueGenerator.m */,
				0F1AA8098B4B4B7EA0BB1091 /* GCDWebServer.m */,
				A0C17DEA58C44A0288A6D1EF /* GCDWebServerConnection.m */,
				91B7C4F7151B43DC8CB14153 /* GCDWebServerFunctions.m */,
				1345EF66DC2940579316A68D /* GCDWebServerRequest.m */,
				B2D13FE39C3E42E48D5AE226 /* GCDWebServerResponse.m */,
				146311B216154809978C15FF /* GCDWebServerDataRequest.m */,
				A055BB28DD0E4BAA9D453FA2 /* GCDWebServerFileRequest.m */,
				D6AB20D8077B4E4EA383D562 /* GCDWebServerMultiPartFormRequest.m */,
				34B1631DF7F942ABBB272E64 /* GCDWebServerURLEncodedFormRequest.m */,
				FE110F62545744408EC4E613 /* GCDWebServerDataResponse.m */,
				885AA261D6034B1AA03B9BB0 /* GCDWebServerErrorResponse.m */,
				248335EB56CE499189B37736 /* GCDWebServerFileResponse.m */,
				20954907045E428AA49BB3DC /* GCDWebServerStreamedResponse.m */,
				24B7B29304BB4A84B7F09409 /* cordova-plugin-meteor-webapp-Bridging-Header.h */,
				602D14D2196A438292C2B04E /* METPlugin.h */,
				16151C6CDD0E4E808834D868 /* METTimer.h */,
				2A4FB7E3D6D140FD8AA8906D /* METRetryStrategy.h */,
				8B20067C2553498EBB98BC83 /* METNetworkReachabilityManager.h */,
				1E8153C3D66F4008A70C4C1F /* METRandomValueGenerator.h */,
				D881DE73B59B438CB34CC3CF /* GCDWebServer.h */,
				F51FB9A7DE92475BBB9A24CA /* GCDWebServerConnection.h */,
				CF1BDC4ED0D849B282F5ABF4 /* GCDWebServerFunctions.h */,
				2703AA680DD242FCBD468A16 /* GCDWebServerHTTPStatusCodes.h */,
				21A006B6DD0546B4BB5104B4 /* GCDWebServerPrivate.h */,
				7D5B141BD73D4DD79ED94863 /* GCDWebServerRequest.h */,
				AE45DEDC289C4293A1A742C7 /* GCDWebServerResponse.h */,
				A82BBA0C4A874254918D50A5 /* GCDWebServerDataRequest.h */,
				B6D1685BDCD0443C90C3C9A7 /* GCDWebServerFileRequest.h */,
				D29C1B0F93D94F438FFD2E87 /* GCDWebServerMultiPartFormRequest.h */,
				A07F0BBF01EE4A0093AD7ECC /* GCDWebServerURLEncodedFormRequest.h */,
				0BAFDC62EF7646F5A607A858 /* GCDWebServerDataResponse.h */,
				846E81D4BB80483B867C402C /* GCDWebServerErrorResponse.h */,
				786F6323964546AAA1EDC4D8 /* GCDWebServerFileResponse.h */,
				A02AB8B516EF497D90712DEB /* GCDWebServerStreamedResponse.h */,
				B02C8DF506774DAD89CCA655 /* CDVStatusBar.m */,
				A6724762DC3A4FED8EAE5690 /* CDVStatusBar.h */,
				2C376A75FD4542789E73CA05 /* CDVSplashScreen.m */,
				F6849EDE8B504B57A35C697E /* CDVViewController+SplashScreen.m */,
				1B984FC98D01477685138600 /* CDVSplashScreen.h */,
				38305510F8C04F60951E25C6 /* CDVViewController+SplashScreen.h */,
				8C2E50C8475C474EBF17044A /* FabricPlugin.m */,
				E76AFB52E6EE4FA6944F3F72 /* UIImage+CropScaleOrientation.m */,
				AE2B152DF4664AA0A1269592 /* CDVCamera.m */,
				F93187D4FF184194B3CB9711 /* CDVJpegHeaderWriter.m */,
				E745A6D3F66740E79F37F4C1 /* UIImage+CropScaleOrientation.h */,
				9BEBBBBD9F9D4005B41D1A05 /* CDVCamera.h */,
				C87A49F960A840198E501E89 /* CDVJpegHeaderWriter.h */,
				69C06A4EA5164EA2B0A3D5AA /* CDVExif.h */,
				362F5966838A467B9D0E1071 /* CDVDevice.m */,
				F27A4A55D68D4AC4BA0468C6 /* CDVDevice.h */,
				B10E588DD1914FF0BB303066 /* FCMPlugin.m */,
				9CB64CB6FA7743FBAF9F4F84 /* AppDelegate+FCMPlugin.m */,
				9D485552AD494470BE267B7F /* FCMPlugin.h */,
				4DC283DBBFEB4596973587BA /* AppDelegate+FCMPlugin.h */,
				4C7F28A9E83F4E40B6F935E8 /* Firebase.h */,
				A8E888521B204A0CB1A76233 /* CDVFile.m */,
				EA0ED809C73741448A4FD1D0 /* CDVLocalFilesystem.m */,
				B7BCFA4A9A8847D3BFF4AEA9 /* CDVAssetLibraryFilesystem.m */,
				BA12D2A9DFC74093B5530013 /* CDVFile.h */,
				80E82AF147CD4C91B1786B22 /* CDVLocalFilesystem.h */,
				F42051D7908E4DAB979C151E /* CDVAssetLibraryFilesystem.h */,
				B4371BF6F98D4AB59F5E552E /* CDVFileTransfer.m */,
				D8A7988F0C624BB3B17CDA3D /* CDVFileTransfer.h */,
				DBD935CA4BEF4EDBA7E86181 /* CDVLocation.m */,
				B1B4891B3DA84AE1A10BE56C /* CDVLocation.h */,
				B251BC7C42BB414C99CD3A5C /* CDVInAppBrowser.m */,
				22DC5A59CB174D9E901FAEEB /* CDVInAppBrowser.h */,
				30C33BD0758E4FC0B6FA48CE /* CDVSound.m */,
				7110D3E9B2BD44F68CCB2943 /* CDVSound.h */,
				AB1C3D97BCEF4EBBB55F6E69 /* NativeStorage.m */,
				A496537B016C445B83B34420 /* NativeStorage.h */,
				1E0281F46CB644FF9AE5F17D /* SafariViewController.m */,
				8C6F289C67E84B499DB53E38 /* SafariViewController.h */,
				A5038BA37CD247B78BE7C241 /* SocialMessage.m */,
				897B181116AC44F39DCFC129 /* SocialMessage.h */,
				16C5E01D580E4FE1AB0DD0BB /* CULPlugin.m */,
				144181897FAB46B6989D9C44 /* AppDelegate+CULPlugin.m */,
				A0734E3770614F43A4DEBB82 /* CDVPluginResult+CULPlugin.m */,
				DA64B71EE479435082AAFA9F /* CDVInvokedUrlCommand+CULPlugin.m */,
				F6E4B3518DDE452AB0F53CF6 /* CULHost.m */,
				3EF5CDDC827E4767AF4AF504 /* CULPath.m */,
				04B0EE75AC2549E697257D04 /* CULXmlTags.m */,
				4C8BEB6454A849C89513FE5C /* CULConfigXmlParser.m */,
				D1D6638658A741C7A456B23C /* NSBundle+CULPlugin.m */,
				5BDE6C3F5ED54859B35DA157 /* CULPlugin.h */,
				A9480940ADA2483B9B1C5764 /* AppDelegate+CULPlugin.h */,
				F088990BC97A46D18A09C98A /* CDVPluginResult+CULPlugin.h */,
				EA8A98EE49F24031BFC02618 /* CDVInvokedUrlCommand+CULPlugin.h */,
				68DAA8C02564409BACDBF853 /* CULHost.h */,
				6794B9A94E0649CF839F5929 /* CULPath.h */,
				F1B0AF5AC9234C6D98FEC5DB /* CULXmlTags.h */,
				65BE5B963A1D4790BC62E249 /* CULConfigXmlParser.h */,
				077057427CE84AF697169EED /* NSBundle+CULPlugin.h */,
				1806E6A5F8004A9AA2E12139 /* BackgroundAudio.m */,
			);
			name = Plugins;
			path = NewSpring/Plugins;
			sourceTree = SOURCE_ROOT;
		};
		EB87FDF11871DA420020F90C /* Staging */ = {
			isa = PBXGroup;
			children = (
				F840E1F0165FE0F500CFE078 /* config.xml */,
				301BF56E109A69640062928A /* www */,
			);
			name = Staging;
			sourceTree = "<group>";
		};
/* End PBXGroup section */

/* Begin PBXNativeTarget section */
		1D6058900D05DD3D006BFB54 /* NewSpring */ = {
			isa = PBXNativeTarget;
			buildConfigurationList = 1D6058960D05DD3E006BFB54 /* Build configuration list for PBXNativeTarget "NewSpring" */;
			buildPhases = (
				304B58A110DAC018002A0835 /* Copy www directory */,
				1D60588D0D05DD3D006BFB54 /* Resources */,
				1D60588E0D05DD3D006BFB54 /* Sources */,
				1D60588F0D05DD3D006BFB54 /* Frameworks */,
			);
			buildRules = (
			);
			dependencies = (
				301BF551109A68C00062928A /* PBXTargetDependency */,
			);
			name = NewSpring;
			productName = NewSpring;
			productReference = 1D6058910D05DD3D006BFB54 /* NewSpring.app */;
			productType = "com.apple.product-type.application";
		};
/* End PBXNativeTarget section */

/* Begin PBXProject section */
		29B97313FDCFA39411CA2CEA /* Project object */ = {
			isa = PBXProject;
			attributes = {
				LastUpgradeCheck = 510;
				TargetAttributes = {
					1D6058900D05DD3D006BFB54 = {
						DevelopmentTeam = 7TM8C6252Z;
						ProvisioningStyle = Manual;
						SystemCapabilities = {
							com.apple.Push = {
								enabled = 1;
							};
						};
					};
				};
			};
			buildConfigurationList = C01FCF4E08A954540054247B /* Build configuration list for PBXProject "NewSpring" */;
			compatibilityVersion = "Xcode 3.2";
			developmentRegion = English;
			hasScannedForEncodings = 1;
			knownRegions = (
				en,
			);
			mainGroup = 29B97314FDCFA39411CA2CEA /* CustomTemplate */;
			projectDirPath = "";
			projectReferences = (
				{
					ProductGroup = 301BF52E109A57CC0062928A /* Products */;
					ProjectRef = 301BF52D109A57CC0062928A /* CordovaLib.xcodeproj */;
				},
			);
			projectRoot = "";
			targets = (
				1D6058900D05DD3D006BFB54 /* NewSpring */,
			);
		};
/* End PBXProject section */

/* Begin PBXReferenceProxy section */
		301BF535109A57CC0062928A /* libCordova.a */ = {
			isa = PBXReferenceProxy;
			fileType = archive.ar;
			path = libCordova.a;
			remoteRef = 301BF534109A57CC0062928A /* PBXContainerItemProxy */;
			sourceTree = BUILT_PRODUCTS_DIR;
		};
/* End PBXReferenceProxy section */

/* Begin PBXResourcesBuildPhase section */
		1D60588D0D05DD3D006BFB54 /* Resources */ = {
			isa = PBXResourcesBuildPhase;
			buildActionMask = 2147483647;
			files = (
				302D95F214D2391D003F00A1 /* MainViewController.xib in Resources */,
				0207DA581B56EA530066E2B4 /* Images.xcassets in Resources */,
				02135E9014364FA8AF3F1293 /* NewSpring.entitlements in Resources */,
				7B03FF6785134E25927857D6 /* GoogleService-Info.plist in Resources */,
			);
			runOnlyForDeploymentPostprocessing = 0;
		};
/* End PBXResourcesBuildPhase section */

/* Begin PBXShellScriptBuildPhase section */
		304B58A110DAC018002A0835 /* Copy www directory */ = {
			isa = PBXShellScriptBuildPhase;
			buildActionMask = 2147483647;
			files = (
			);
			inputPaths = (
			);
			name = "Copy www directory";
			outputPaths = (
			);
			runOnlyForDeploymentPostprocessing = 0;
			shellPath = /bin/sh;
			shellScript = "NODEJS_PATH=/usr/local/bin; NVM_NODE_PATH=~/.nvm/versions/node/`nvm version 2>/dev/null`/bin; N_NODE_PATH=`find /usr/local/n/versions/node/* -maxdepth 0 -type d 2>/dev/null | tail -1`/bin; XCODE_NODE_PATH=`xcode-select --print-path`/usr/share/xcs/Node/bin; PATH=$NODEJS_PATH:$NVM_NODE_PATH:$N_NODE_PATH:$XCODE_NODE_PATH:$PATH && node cordova/lib/copy-www-build-step.js";
			showEnvVarsInLog = 0;
		};
/* End PBXShellScriptBuildPhase section */

/* Begin PBXSourcesBuildPhase section */
		1D60588E0D05DD3D006BFB54 /* Sources */ = {
			isa = PBXSourcesBuildPhase;
			buildActionMask = 2147483647;
			files = (
				1D60589B0D05DD56006BFB54 /* main.m in Sources */,
				1D3623260D0F684500981E51 /* AppDelegate.m in Sources */,
				302D95F114D2391D003F00A1 /* MainViewController.m in Sources */,
				5EE2EA6A9FE844C5962D1DC6 /* CDVWKWebViewEngine.m in Sources */,
				18F623DCF13744D6A2C2BE59 /* CDVWKWebViewUIDelegate.m in Sources */,
				C9A7B4E6B7814B20AF713073 /* WebAppLocalServer.swift in Sources */,
				478B2C71D74E4B59944D2AD2 /* WebAppConfiguration.swift in Sources */,
				65DAE4D1B14045D0B6AD484C /* AssetBundleManager.swift in Sources */,
				A5D602D6849B4CF0A3138AEC /* AssetBundle.swift in Sources */,
				14094F390AA840D69F5E7215 /* Asset.swift in Sources */,
				ECFD40B818C84ED88D1D74EF /* AssetBundleDownloader.swift in Sources */,
				B25F8D7B4E8F47D18315B342 /* AssetManifest.swift in Sources */,
				B5879C5C1EE7475B925C2138 /* Errors.swift in Sources */,
				33264C741FC742D684D6D09E /* Utility.swift in Sources */,
				79A7E0CE445D4636A75B1C11 /* METPlugin.m in Sources */,
				9486BFBC007045C79BEB59A0 /* METTimer.m in Sources */,
				2CA156CF29C34C30BCC19934 /* METRetryStrategy.m in Sources */,
				DAA0872C948941B8ADD6E256 /* METNetworkReachabilityManager.m in Sources */,
				20DE92EC6D5D45C4BAA0779C /* METRandomValueGenerator.m in Sources */,
				2BB2E5BF64C14D80A6589979 /* GCDWebServer.m in Sources */,
				38CCFE0E29844374945BC22C /* GCDWebServerConnection.m in Sources */,
				0A7B90E441C64DBE8C91D73F /* GCDWebServerFunctions.m in Sources */,
				2D31FDFC68D14F159046846D /* GCDWebServerRequest.m in Sources */,
				835652C07F7648DDB0F247E7 /* GCDWebServerResponse.m in Sources */,
				24E855871BB3436C93EB6A55 /* GCDWebServerDataRequest.m in Sources */,
				E3FACD0BAADA487897691C83 /* GCDWebServerFileRequest.m in Sources */,
				913F21421F564DF4AB35F566 /* GCDWebServerMultiPartFormRequest.m in Sources */,
				99D1C39936C2415EBAE7A9B7 /* GCDWebServerURLEncodedFormRequest.m in Sources */,
				8E755FC2CCD84DC99EB2B9C4 /* GCDWebServerDataResponse.m in Sources */,
				81E73F03F9674A9DAFA54D38 /* GCDWebServerErrorResponse.m in Sources */,
				539EEA697F424C259944A29D /* GCDWebServerFileResponse.m in Sources */,
				677416642EF44644957BFA34 /* GCDWebServerStreamedResponse.m in Sources */,
				0D17891FCC7C4EF1A4ADAAD9 /* CDVStatusBar.m in Sources */,
				D35CC4B3239346E4A42042CF /* CDVSplashScreen.m in Sources */,
				0E47C654F7484BD7B579F8B0 /* CDVViewController+SplashScreen.m in Sources */,
				FBB37CB4B4684CB380917829 /* FabricPlugin.m in Sources */,
				658D18D110A74A079966265F /* UIImage+CropScaleOrientation.m in Sources */,
				976DFD91357D4E7FB7CC2F6D /* CDVCamera.m in Sources */,
				BB6757D9FCEC4B7FB5ECDD5C /* CDVJpegHeaderWriter.m in Sources */,
				003F5EB1C62D42DAA5FFC4E8 /* CDVDevice.m in Sources */,
				12AC4B67161E499AAFE3D6B6 /* FCMPlugin.m in Sources */,
				9C7F078934FA4ECE87E95202 /* AppDelegate+FCMPlugin.m in Sources */,
				D4F5FCFDD8414796AFD58CAF /* CDVFile.m in Sources */,
				A84B03D653A14866AD300E07 /* CDVLocalFilesystem.m in Sources */,
				63D0716F6A2747E2AD380409 /* CDVAssetLibraryFilesystem.m in Sources */,
				DD66FEEDE9C64F8095491B09 /* CDVFileTransfer.m in Sources */,
				F3B9E530E7974AB6AE3154C6 /* CDVLocation.m in Sources */,
				E65F1D93E999420E90FE26BD /* CDVInAppBrowser.m in Sources */,
				C443D3814E7D433F9DF7DBF6 /* CDVSound.m in Sources */,
				36B0D8B57C2844788478E489 /* NativeStorage.m in Sources */,
				D638FE8716AB4B338146B757 /* SafariViewController.m in Sources */,
				86A2924FBD314D4C962ED56C /* SocialMessage.m in Sources */,
				00FB4B5C20694DDF8727ABD3 /* CULPlugin.m in Sources */,
				9D53AFC37D2648D28BAA671C /* AppDelegate+CULPlugin.m in Sources */,
				4B875EC93760431092F72250 /* CDVPluginResult+CULPlugin.m in Sources */,
				4483E7EF885F468E91E36391 /* CDVInvokedUrlCommand+CULPlugin.m in Sources */,
				0F654030968E48DE95B1AE04 /* CULHost.m in Sources */,
				CC975BAA622742BB8A394A72 /* CULPath.m in Sources */,
				49FBA86A7CCA4B61895B6F82 /* CULXmlTags.m in Sources */,
				12772822D53A455CADC5A559 /* CULConfigXmlParser.m in Sources */,
				6DACE9864D2E471FBF538DA9 /* NSBundle+CULPlugin.m in Sources */,
				7F7B0F69C10942CFA40725FD /* BackgroundAudio.m in Sources */,
			);
			runOnlyForDeploymentPostprocessing = 0;
		};
/* End PBXSourcesBuildPhase section */

/* Begin PBXTargetDependency section */
		301BF551109A68C00062928A /* PBXTargetDependency */ = {
			isa = PBXTargetDependency;
			name = CordovaLib;
			targetProxy = 301BF550109A68C00062928A /* PBXContainerItemProxy */;
		};
/* End PBXTargetDependency section */

/* Begin XCBuildConfiguration section */
		1D6058940D05DD3E006BFB54 /* Debug */ = {
			isa = XCBuildConfiguration;
			baseConfigurationReference = 3047A50F1AB8059700498E2A /* build-debug.xcconfig */;
			buildSettings = {
				ALWAYS_SEARCH_USER_PATHS = NO;
				ASSETCATALOG_COMPILER_APPICON_NAME = AppIcon;
				ASSETCATALOG_COMPILER_LAUNCHIMAGE_NAME = LaunchImage;
				CLANG_ENABLE_MODULES = YES;
				CLANG_ENABLE_OBJC_ARC = YES;
				CODE_SIGN_ENTITLEMENTS = NewSpring/Resources/NewSpring.entitlements;
				"CODE_SIGN_IDENTITY[sdk=iphoneos*]" = "iPhone Developer";
				COPY_PHASE_STRIP = NO;
				CURRENT_PROJECT_VERSION = "${CURRENT_PROJECT_VERSION}";
				DEVELOPMENT_TEAM = 7TM8C6252Z;
				FRAMEWORK_SEARCH_PATHS = (
					"$(inherited)",
					"\"NewSpring/Plugins/cordova-fabric-plugin\"",
					"\"NewSpring/Plugins/cordova-plugin-fcm\"",
				);
				GCC_DYNAMIC_NO_PIC = NO;
				GCC_OPTIMIZATION_LEVEL = 0;
				GCC_PRECOMPILE_PREFIX_HEADER = YES;
				GCC_PREFIX_HEADER = "NewSpring/NewSpring-Prefix.pch";
				GCC_THUMB_SUPPORT = NO;
				GCC_VERSION = "";
				INFOPLIST_FILE = "NewSpring/NewSpring-Info.plist";
				IPHONEOS_DEPLOYMENT_TARGET = 8.0;
				LD_RUNPATH_SEARCH_PATHS = "@executable_path/Frameworks";
				PRODUCT_BUNDLE_IDENTIFIER = "com.subsplashstudio31.NewSpring-Church";
				PRODUCT_NAME = NewSpring;
				PROVISIONING_PROFILE = "b12ab0d1-c552-4211-98e0-eab8b6012c45";
				PROVISIONING_PROFILE_SPECIFIER = "match Development com.subsplashstudio31.NewSpring-Church";
				SWIFT_VERSION = 3.0;
			};
			name = Debug;
		};
		1D6058950D05DD3E006BFB54 /* Release */ = {
			isa = XCBuildConfiguration;
			baseConfigurationReference = 3047A5101AB8059700498E2A /* build-release.xcconfig */;
			buildSettings = {
				ALWAYS_SEARCH_USER_PATHS = NO;
				ASSETCATALOG_COMPILER_APPICON_NAME = AppIcon;
				ASSETCATALOG_COMPILER_LAUNCHIMAGE_NAME = LaunchImage;
				CLANG_ENABLE_MODULES = YES;
				CLANG_ENABLE_OBJC_ARC = YES;
				CODE_SIGN_ENTITLEMENTS = NewSpring/NewSpring.entitlements;
				"CODE_SIGN_IDENTITY[sdk=iphoneos*]" = "iPhone Developer";
				COPY_PHASE_STRIP = YES;
				CURRENT_PROJECT_VERSION = "${CURRENT_PROJECT_VERSION}";
				DEVELOPMENT_TEAM = 7TM8C6252Z;
				FRAMEWORK_SEARCH_PATHS = (
					"$(inherited)",
					"\"NewSpring/Plugins/cordova-fabric-plugin\"",
					"\"NewSpring/Plugins/cordova-plugin-fcm\"",
				);
				GCC_PRECOMPILE_PREFIX_HEADER = YES;
				GCC_PREFIX_HEADER = "NewSpring/NewSpring-Prefix.pch";
				GCC_THUMB_SUPPORT = NO;
				GCC_VERSION = "";
				INFOPLIST_FILE = "NewSpring/NewSpring-Info.plist";
				IPHONEOS_DEPLOYMENT_TARGET = 8.0;
				PRODUCT_BUNDLE_IDENTIFIER = "com.subsplashstudio31.NewSpring-Church";
				PRODUCT_NAME = NewSpring;
				PROVISIONING_PROFILE = "b12ab0d1-c552-4211-98e0-eab8b6012c45";
				PROVISIONING_PROFILE_SPECIFIER = "match Development com.subsplashstudio31.NewSpring-Church";
				SWIFT_VERSION = 3.0;
			};
			name = Release;
		};
		C01FCF4F08A954540054247B /* Debug */ = {
			isa = XCBuildConfiguration;
			baseConfigurationReference = 3047A5111AB8059700498E2A /* build.xcconfig */;
			buildSettings = {
				CLANG_ENABLE_MODULES = YES;
				CLANG_ENABLE_OBJC_ARC = YES;
				CLANG_WARN_BOOL_CONVERSION = YES;
				CLANG_WARN_CONSTANT_CONVERSION = YES;
				CLANG_WARN_EMPTY_BODY = YES;
				CLANG_WARN_ENUM_CONVERSION = YES;
				CLANG_WARN_INT_CONVERSION = YES;
				CLANG_WARN__DUPLICATE_METHOD_MATCH = YES;
				CODE_SIGN_ENTITLEMENTS = NewSpring/Resources/NewSpring.entitlements;
				GCC_C_LANGUAGE_STANDARD = c99;
				GCC_THUMB_SUPPORT = NO;
				GCC_VERSION = "";
				GCC_WARN_ABOUT_RETURN_TYPE = YES;
				GCC_WARN_UNDECLARED_SELECTOR = YES;
				GCC_WARN_UNINITIALIZED_AUTOS = YES;
				GCC_WARN_UNUSED_FUNCTION = YES;
				GCC_WARN_UNUSED_VARIABLE = YES;
				IPHONEOS_DEPLOYMENT_TARGET = 8.0;
				ONLY_ACTIVE_ARCH = YES;
				SDKROOT = iphoneos;
				SKIP_INSTALL = NO;
				SWIFT_VERSION = 3.0;
			};
			name = Debug;
		};
		C01FCF5008A954540054247B /* Release */ = {
			isa = XCBuildConfiguration;
			baseConfigurationReference = 3047A5111AB8059700498E2A /* build.xcconfig */;
			buildSettings = {
				CLANG_ENABLE_MODULES = YES;
				CLANG_ENABLE_OBJC_ARC = YES;
				CLANG_WARN_BOOL_CONVERSION = YES;
				CLANG_WARN_CONSTANT_CONVERSION = YES;
				CLANG_WARN_EMPTY_BODY = YES;
				CLANG_WARN_ENUM_CONVERSION = YES;
				CLANG_WARN_INT_CONVERSION = YES;
				CLANG_WARN__DUPLICATE_METHOD_MATCH = YES;
				CODE_SIGN_ENTITLEMENTS = NewSpring/Resources/NewSpring.entitlements;
				GCC_C_LANGUAGE_STANDARD = c99;
				GCC_THUMB_SUPPORT = NO;
				GCC_VERSION = "";
				GCC_WARN_ABOUT_RETURN_TYPE = YES;
				GCC_WARN_UNDECLARED_SELECTOR = YES;
				GCC_WARN_UNINITIALIZED_AUTOS = YES;
				GCC_WARN_UNUSED_FUNCTION = YES;
				GCC_WARN_UNUSED_VARIABLE = YES;
				IPHONEOS_DEPLOYMENT_TARGET = 8.0;
				SDKROOT = iphoneos;
				SKIP_INSTALL = NO;
				SWIFT_VERSION = 3.0;
			};
			name = Release;
		};
/* End XCBuildConfiguration section */

/* Begin XCConfigurationList section */
		1D6058960D05DD3E006BFB54 /* Build configuration list for PBXNativeTarget "NewSpring" */ = {
			isa = XCConfigurationList;
			buildConfigurations = (
				1D6058940D05DD3E006BFB54 /* Debug */,
				1D6058950D05DD3E006BFB54 /* Release */,
			);
			defaultConfigurationIsVisible = 0;
			defaultConfigurationName = Release;
		};
		C01FCF4E08A954540054247B /* Build configuration list for PBXProject "NewSpring" */ = {
			isa = XCConfigurationList;
			buildConfigurations = (
				C01FCF4F08A954540054247B /* Debug */,
				C01FCF5008A954540054247B /* Release */,
			);
			defaultConfigurationIsVisible = 0;
			defaultConfigurationName = Release;
		};
/* End XCConfigurationList section */
	};
	rootObject = 29B97313FDCFA39411CA2CEA /* Project object */;
}
